
Microsoft Visual Studio Solution File, Format Version 12.00
# Visual Studio 14
VisualStudioVersion = 14.0.23107.0
MinimumVisualStudioVersion = 10.0.40219.1
Project("{FAE04EC0-301F-11D3-BF4B-00C04F79EFBC}") = "EMXamarin", "EMXamarin\EMXamarin.csproj", "{DC532DB5-F661-44C7-8D94-F77AA4047176}"
EndProject
Project("{FAE04EC0-301F-11D3-BF4B-00C04F79EFBC}") = "EMwithME", "iOS\EMwithME.csproj", "{9257484A-8B3B-449D-85B7-3D3585E5D953}"
EndProject
Project("{FAE04EC0-301F-11D3-BF4B-00C04F79EFBC}") = "Android", "Android\Android.csproj", "{6AC12A54-5ACF-4557-966F-8AE78FF35318}"
EndProject
Project("{FAE04EC0-301F-11D3-BF4B-00C04F79EFBC}") = "Linkers", "Linkers\Linkers.csproj", "{26938478-674C-4AE2-8C51-EE2B9DD8DE0F}"
EndProject
Project("{FAE04EC0-301F-11D3-BF4B-00C04F79EFBC}") = "EMJavaBindings", "..\EMJavaBindings\EMJavaBindings\EMJavaBindings.csproj", "{50110DDD-B46E-4F32-96DA-4557F0B1FFCA}"
EndProject
Project("{FAE04EC0-301F-11D3-BF4B-00C04F79EFBC}") = "UnitTests", "UnitTests\UnitTests.csproj", "{BD629D9E-4C4E-4102-A7CA-7FADC75784E8}"
EndProject
Project("{FAE04EC0-301F-11D3-BF4B-00C04F79EFBC}") = "AndroidCropImageBinding", "AndroidCropImageBinding\AndroidCropImageBinding.csproj", "{E64AFCC5-73A5-448D-82CA-306CC18710DD}"
EndProject
Project("{FAE04EC0-301F-11D3-BF4B-00C04F79EFBC}") = "AndroidGoogleAnalytics", "AndroidGoogleAnalytics\AndroidGoogleAnalytics.csproj", "{D65AAAAF-EB8D-4BEF-85F0-3A7445CDC05A}"
EndProject
Project("{FAE04EC0-301F-11D3-BF4B-00C04F79EFBC}") = "AndroidAsyncBinding", "AndroidAsyncBinding\AndroidAsyncBinding.csproj", "{A8CA245A-73C1-4C8C-8BE0-E02D71789C54}"
EndProject
Project("{FAE04EC0-301F-11D3-BF4B-00C04F79EFBC}") = "FFMpegBinding", "FFMpegBinding\FFMpegBinding.csproj", "{1F855DFE-0D2C-4E82-A853-1C15979D0C2D}"
EndProject
Project("{FAE04EC0-301F-11D3-BF4B-00C04F79EFBC}") = "WindowsDesktop", "WindowsDesktop\WindowsDesktop.csproj", "{6345D471-364A-4F0E-BA28-7AB2325BC81A}"
EndProject
Project("{FAE04EC0-301F-11D3-BF4B-00C04F79EFBC}") = "AndroidMediaExtractorBinding", "AndroidMediaExtractorBinding\AndroidMediaExtractorBinding.csproj", "{05429BF2-A521-4385-9F02-B3478B4A6A27}"
EndProject
Project("{FAE04EC0-301F-11D3-BF4B-00C04F79EFBC}") = "OkHttpBinding", "OkHttpBinding\OkHttpBinding.csproj", "{A3779C35-6095-4301-B585-C828FB340FC1}"
EndProject
Project("{FAE04EC0-301F-11D3-BF4B-00C04F79EFBC}") = "Windows10", "Windows10\Windows10.csproj", "{773F7839-5F5B-4F19-B8A6-AD155983C95F}"
EndProject
Global
	GlobalSection(SolutionConfigurationPlatforms) = preSolution
		Ad-Hoc|Any CPU = Ad-Hoc|Any CPU
		Ad-Hoc|ARM = Ad-Hoc|ARM
		Ad-Hoc|iPhone = Ad-Hoc|iPhone
		Ad-Hoc|iPhoneSimulator = Ad-Hoc|iPhoneSimulator
		Ad-Hoc|Mixed Platforms = Ad-Hoc|Mixed Platforms
		Ad-Hoc|x64 = Ad-Hoc|x64
		Ad-Hoc|x86 = Ad-Hoc|x86
		AppStore|Any CPU = AppStore|Any CPU
		AppStore|ARM = AppStore|ARM
		AppStore|iPhone = AppStore|iPhone
		AppStore|iPhoneSimulator = AppStore|iPhoneSimulator
		AppStore|Mixed Platforms = AppStore|Mixed Platforms
		AppStore|x64 = AppStore|x64
		AppStore|x86 = AppStore|x86
		Debug|Any CPU = Debug|Any CPU
		Debug|ARM = Debug|ARM
		Debug|iPhone = Debug|iPhone
		Debug|iPhoneSimulator = Debug|iPhoneSimulator
		Debug|Mixed Platforms = Debug|Mixed Platforms
		Debug|x64 = Debug|x64
		Debug|x86 = Debug|x86
		Release|Any CPU = Release|Any CPU
		Release|ARM = Release|ARM
		Release|iPhone = Release|iPhone
		Release|iPhoneSimulator = Release|iPhoneSimulator
		Release|Mixed Platforms = Release|Mixed Platforms
		Release|x64 = Release|x64
		Release|x86 = Release|x86
	EndGlobalSection
	GlobalSection(ProjectConfigurationPlatforms) = postSolution
		{DC532DB5-F661-44C7-8D94-F77AA4047176}.Ad-Hoc|Any CPU.ActiveCfg = Release|Any CPU
		{DC532DB5-F661-44C7-8D94-F77AA4047176}.Ad-Hoc|Any CPU.Build.0 = Release|Any CPU
		{DC532DB5-F661-44C7-8D94-F77AA4047176}.Ad-Hoc|ARM.ActiveCfg = Debug|Any CPU
		{DC532DB5-F661-44C7-8D94-F77AA4047176}.Ad-Hoc|iPhone.ActiveCfg = Debug|Any CPU
		{DC532DB5-F661-44C7-8D94-F77AA4047176}.Ad-Hoc|iPhone.Build.0 = Debug|Any CPU
		{DC532DB5-F661-44C7-8D94-F77AA4047176}.Ad-Hoc|iPhoneSimulator.ActiveCfg = Release|Any CPU
		{DC532DB5-F661-44C7-8D94-F77AA4047176}.Ad-Hoc|Mixed Platforms.ActiveCfg = Debug|Any CPU
		{DC532DB5-F661-44C7-8D94-F77AA4047176}.Ad-Hoc|Mixed Platforms.Build.0 = Debug|Any CPU
		{DC532DB5-F661-44C7-8D94-F77AA4047176}.Ad-Hoc|x64.ActiveCfg = Debug|Any CPU
		{DC532DB5-F661-44C7-8D94-F77AA4047176}.Ad-Hoc|x86.ActiveCfg = Debug|Any CPU
		{DC532DB5-F661-44C7-8D94-F77AA4047176}.AppStore|Any CPU.ActiveCfg = Release|Any CPU
		{DC532DB5-F661-44C7-8D94-F77AA4047176}.AppStore|Any CPU.Build.0 = Release|Any CPU
		{DC532DB5-F661-44C7-8D94-F77AA4047176}.AppStore|ARM.ActiveCfg = Debug|Any CPU
		{DC532DB5-F661-44C7-8D94-F77AA4047176}.AppStore|iPhone.ActiveCfg = Release|Any CPU
		{DC532DB5-F661-44C7-8D94-F77AA4047176}.AppStore|iPhone.Build.0 = Release|Any CPU
		{DC532DB5-F661-44C7-8D94-F77AA4047176}.AppStore|iPhoneSimulator.ActiveCfg = Release|Any CPU
		{DC532DB5-F661-44C7-8D94-F77AA4047176}.AppStore|Mixed Platforms.ActiveCfg = Debug|Any CPU
		{DC532DB5-F661-44C7-8D94-F77AA4047176}.AppStore|Mixed Platforms.Build.0 = Debug|Any CPU
		{DC532DB5-F661-44C7-8D94-F77AA4047176}.AppStore|x64.ActiveCfg = Debug|Any CPU
		{DC532DB5-F661-44C7-8D94-F77AA4047176}.AppStore|x86.ActiveCfg = Debug|Any CPU
		{DC532DB5-F661-44C7-8D94-F77AA4047176}.Debug|Any CPU.ActiveCfg = Debug|Any CPU
		{DC532DB5-F661-44C7-8D94-F77AA4047176}.Debug|Any CPU.Build.0 = Debug|Any CPU
		{DC532DB5-F661-44C7-8D94-F77AA4047176}.Debug|ARM.ActiveCfg = Debug|Any CPU
		{DC532DB5-F661-44C7-8D94-F77AA4047176}.Debug|iPhone.ActiveCfg = Debug|Any CPU
		{DC532DB5-F661-44C7-8D94-F77AA4047176}.Debug|iPhone.Build.0 = Debug|Any CPU
		{DC532DB5-F661-44C7-8D94-F77AA4047176}.Debug|iPhoneSimulator.ActiveCfg = Debug|Any CPU
		{DC532DB5-F661-44C7-8D94-F77AA4047176}.Debug|iPhoneSimulator.Build.0 = Debug|Any CPU
		{DC532DB5-F661-44C7-8D94-F77AA4047176}.Debug|Mixed Platforms.ActiveCfg = Debug|Any CPU
		{DC532DB5-F661-44C7-8D94-F77AA4047176}.Debug|Mixed Platforms.Build.0 = Debug|Any CPU
		{DC532DB5-F661-44C7-8D94-F77AA4047176}.Debug|x64.ActiveCfg = Debug|Any CPU
		{DC532DB5-F661-44C7-8D94-F77AA4047176}.Debug|x86.ActiveCfg = Debug|Any CPU
		{DC532DB5-F661-44C7-8D94-F77AA4047176}.Release|Any CPU.ActiveCfg = Release|Any CPU
		{DC532DB5-F661-44C7-8D94-F77AA4047176}.Release|Any CPU.Build.0 = Release|Any CPU
		{DC532DB5-F661-44C7-8D94-F77AA4047176}.Release|ARM.ActiveCfg = Release|Any CPU
		{DC532DB5-F661-44C7-8D94-F77AA4047176}.Release|iPhone.ActiveCfg = Release|Any CPU
		{DC532DB5-F661-44C7-8D94-F77AA4047176}.Release|iPhone.Build.0 = Release|Any CPU
		{DC532DB5-F661-44C7-8D94-F77AA4047176}.Release|iPhoneSimulator.ActiveCfg = Release|Any CPU
		{DC532DB5-F661-44C7-8D94-F77AA4047176}.Release|iPhoneSimulator.Build.0 = Release|Any CPU
		{DC532DB5-F661-44C7-8D94-F77AA4047176}.Release|Mixed Platforms.ActiveCfg = Release|Any CPU
		{DC532DB5-F661-44C7-8D94-F77AA4047176}.Release|Mixed Platforms.Build.0 = Release|Any CPU
		{DC532DB5-F661-44C7-8D94-F77AA4047176}.Release|x64.ActiveCfg = Release|Any CPU
		{DC532DB5-F661-44C7-8D94-F77AA4047176}.Release|x86.ActiveCfg = Release|Any CPU
		{9257484A-8B3B-449D-85B7-3D3585E5D953}.Ad-Hoc|Any CPU.ActiveCfg = Ad-Hoc|iPhoneSimulator
		{9257484A-8B3B-449D-85B7-3D3585E5D953}.Ad-Hoc|ARM.ActiveCfg = Ad-Hoc|iPhone
		{9257484A-8B3B-449D-85B7-3D3585E5D953}.Ad-Hoc|iPhone.ActiveCfg = Ad-Hoc|iPhone
		{9257484A-8B3B-449D-85B7-3D3585E5D953}.Ad-Hoc|iPhone.Build.0 = Ad-Hoc|iPhone
		{9257484A-8B3B-449D-85B7-3D3585E5D953}.Ad-Hoc|iPhoneSimulator.ActiveCfg = Ad-Hoc|iPhoneSimulator
		{9257484A-8B3B-449D-85B7-3D3585E5D953}.Ad-Hoc|iPhoneSimulator.Build.0 = Ad-Hoc|iPhoneSimulator
		{9257484A-8B3B-449D-85B7-3D3585E5D953}.Ad-Hoc|Mixed Platforms.ActiveCfg = Ad-Hoc|iPhone
		{9257484A-8B3B-449D-85B7-3D3585E5D953}.Ad-Hoc|Mixed Platforms.Build.0 = Ad-Hoc|iPhone
		{9257484A-8B3B-449D-85B7-3D3585E5D953}.Ad-Hoc|x64.ActiveCfg = Ad-Hoc|iPhone
		{9257484A-8B3B-449D-85B7-3D3585E5D953}.Ad-Hoc|x86.ActiveCfg = Ad-Hoc|iPhone
		{9257484A-8B3B-449D-85B7-3D3585E5D953}.AppStore|Any CPU.ActiveCfg = AppStore|iPhoneSimulator
		{9257484A-8B3B-449D-85B7-3D3585E5D953}.AppStore|ARM.ActiveCfg = AppStore|iPhone
		{9257484A-8B3B-449D-85B7-3D3585E5D953}.AppStore|iPhone.ActiveCfg = AppStore|iPhone
		{9257484A-8B3B-449D-85B7-3D3585E5D953}.AppStore|iPhone.Build.0 = AppStore|iPhone
		{9257484A-8B3B-449D-85B7-3D3585E5D953}.AppStore|iPhoneSimulator.ActiveCfg = AppStore|iPhoneSimulator
		{9257484A-8B3B-449D-85B7-3D3585E5D953}.AppStore|iPhoneSimulator.Build.0 = AppStore|iPhoneSimulator
		{9257484A-8B3B-449D-85B7-3D3585E5D953}.AppStore|Mixed Platforms.ActiveCfg = AppStore|iPhone
		{9257484A-8B3B-449D-85B7-3D3585E5D953}.AppStore|Mixed Platforms.Build.0 = AppStore|iPhone
		{9257484A-8B3B-449D-85B7-3D3585E5D953}.AppStore|x64.ActiveCfg = AppStore|iPhone
		{9257484A-8B3B-449D-85B7-3D3585E5D953}.AppStore|x86.ActiveCfg = AppStore|iPhone
		{9257484A-8B3B-449D-85B7-3D3585E5D953}.Debug|Any CPU.ActiveCfg = Debug|iPhone
		{9257484A-8B3B-449D-85B7-3D3585E5D953}.Debug|Any CPU.Build.0 = Debug|iPhone
		{9257484A-8B3B-449D-85B7-3D3585E5D953}.Debug|ARM.ActiveCfg = Debug|iPhoneSimulator
		{9257484A-8B3B-449D-85B7-3D3585E5D953}.Debug|iPhone.ActiveCfg = Debug|iPhone
		{9257484A-8B3B-449D-85B7-3D3585E5D953}.Debug|iPhone.Build.0 = Debug|iPhone
		{9257484A-8B3B-449D-85B7-3D3585E5D953}.Debug|iPhoneSimulator.ActiveCfg = Debug|iPhoneSimulator
		{9257484A-8B3B-449D-85B7-3D3585E5D953}.Debug|iPhoneSimulator.Build.0 = Debug|iPhoneSimulator
		{9257484A-8B3B-449D-85B7-3D3585E5D953}.Debug|Mixed Platforms.ActiveCfg = Debug|iPhoneSimulator
		{9257484A-8B3B-449D-85B7-3D3585E5D953}.Debug|Mixed Platforms.Build.0 = Debug|iPhoneSimulator
		{9257484A-8B3B-449D-85B7-3D3585E5D953}.Debug|x64.ActiveCfg = Debug|iPhoneSimulator
		{9257484A-8B3B-449D-85B7-3D3585E5D953}.Debug|x86.ActiveCfg = Debug|iPhoneSimulator
		{9257484A-8B3B-449D-85B7-3D3585E5D953}.Release|Any CPU.ActiveCfg = Release|iPhone
		{9257484A-8B3B-449D-85B7-3D3585E5D953}.Release|Any CPU.Build.0 = Release|iPhone
		{9257484A-8B3B-449D-85B7-3D3585E5D953}.Release|ARM.ActiveCfg = Release|iPhoneSimulator
		{9257484A-8B3B-449D-85B7-3D3585E5D953}.Release|iPhone.ActiveCfg = Release|iPhone
		{9257484A-8B3B-449D-85B7-3D3585E5D953}.Release|iPhone.Build.0 = Release|iPhone
		{9257484A-8B3B-449D-85B7-3D3585E5D953}.Release|iPhoneSimulator.ActiveCfg = Release|iPhoneSimulator
		{9257484A-8B3B-449D-85B7-3D3585E5D953}.Release|iPhoneSimulator.Build.0 = Release|iPhoneSimulator
		{9257484A-8B3B-449D-85B7-3D3585E5D953}.Release|Mixed Platforms.ActiveCfg = Release|iPhoneSimulator
		{9257484A-8B3B-449D-85B7-3D3585E5D953}.Release|Mixed Platforms.Build.0 = Release|iPhoneSimulator
		{9257484A-8B3B-449D-85B7-3D3585E5D953}.Release|x64.ActiveCfg = Release|iPhoneSimulator
		{9257484A-8B3B-449D-85B7-3D3585E5D953}.Release|x86.ActiveCfg = Release|iPhoneSimulator
		{6AC12A54-5ACF-4557-966F-8AE78FF35318}.Ad-Hoc|Any CPU.ActiveCfg = Release|Any CPU
		{6AC12A54-5ACF-4557-966F-8AE78FF35318}.Ad-Hoc|Any CPU.Build.0 = Release|Any CPU
		{6AC12A54-5ACF-4557-966F-8AE78FF35318}.Ad-Hoc|Any CPU.Deploy.0 = Release|Any CPU
		{6AC12A54-5ACF-4557-966F-8AE78FF35318}.Ad-Hoc|ARM.ActiveCfg = Debug|Any CPU
		{6AC12A54-5ACF-4557-966F-8AE78FF35318}.Ad-Hoc|iPhone.ActiveCfg = Debug|Any CPU
		{6AC12A54-5ACF-4557-966F-8AE78FF35318}.Ad-Hoc|iPhone.Build.0 = Debug|Any CPU
		{6AC12A54-5ACF-4557-966F-8AE78FF35318}.Ad-Hoc|iPhoneSimulator.ActiveCfg = Release|Any CPU
		{6AC12A54-5ACF-4557-966F-8AE78FF35318}.Ad-Hoc|Mixed Platforms.ActiveCfg = Debug|Any CPU
		{6AC12A54-5ACF-4557-966F-8AE78FF35318}.Ad-Hoc|Mixed Platforms.Build.0 = Debug|Any CPU
		{6AC12A54-5ACF-4557-966F-8AE78FF35318}.Ad-Hoc|Mixed Platforms.Deploy.0 = Debug|Any CPU
		{6AC12A54-5ACF-4557-966F-8AE78FF35318}.Ad-Hoc|x64.ActiveCfg = Release|x64
		{6AC12A54-5ACF-4557-966F-8AE78FF35318}.Ad-Hoc|x64.Build.0 = Release|x64
		{6AC12A54-5ACF-4557-966F-8AE78FF35318}.Ad-Hoc|x64.Deploy.0 = Release|x64
		{6AC12A54-5ACF-4557-966F-8AE78FF35318}.Ad-Hoc|x86.ActiveCfg = Debug|Any CPU
		{6AC12A54-5ACF-4557-966F-8AE78FF35318}.AppStore|Any CPU.ActiveCfg = Release|Any CPU
		{6AC12A54-5ACF-4557-966F-8AE78FF35318}.AppStore|Any CPU.Build.0 = Release|Any CPU
		{6AC12A54-5ACF-4557-966F-8AE78FF35318}.AppStore|Any CPU.Deploy.0 = Release|Any CPU
		{6AC12A54-5ACF-4557-966F-8AE78FF35318}.AppStore|ARM.ActiveCfg = Debug|Any CPU
		{6AC12A54-5ACF-4557-966F-8AE78FF35318}.AppStore|iPhone.ActiveCfg = Release|Any CPU
		{6AC12A54-5ACF-4557-966F-8AE78FF35318}.AppStore|iPhone.Build.0 = Release|Any CPU
		{6AC12A54-5ACF-4557-966F-8AE78FF35318}.AppStore|iPhoneSimulator.ActiveCfg = Release|Any CPU
		{6AC12A54-5ACF-4557-966F-8AE78FF35318}.AppStore|Mixed Platforms.ActiveCfg = Debug|Any CPU
		{6AC12A54-5ACF-4557-966F-8AE78FF35318}.AppStore|Mixed Platforms.Build.0 = Debug|Any CPU
		{6AC12A54-5ACF-4557-966F-8AE78FF35318}.AppStore|Mixed Platforms.Deploy.0 = Debug|Any CPU
		{6AC12A54-5ACF-4557-966F-8AE78FF35318}.AppStore|x64.ActiveCfg = Release|x64
		{6AC12A54-5ACF-4557-966F-8AE78FF35318}.AppStore|x64.Build.0 = Release|x64
		{6AC12A54-5ACF-4557-966F-8AE78FF35318}.AppStore|x64.Deploy.0 = Release|x64
		{6AC12A54-5ACF-4557-966F-8AE78FF35318}.AppStore|x86.ActiveCfg = Debug|Any CPU
		{6AC12A54-5ACF-4557-966F-8AE78FF35318}.Debug|Any CPU.ActiveCfg = Debug|Any CPU
		{6AC12A54-5ACF-4557-966F-8AE78FF35318}.Debug|Any CPU.Build.0 = Debug|Any CPU
		{6AC12A54-5ACF-4557-966F-8AE78FF35318}.Debug|Any CPU.Deploy.0 = Debug|Any CPU
		{6AC12A54-5ACF-4557-966F-8AE78FF35318}.Debug|ARM.ActiveCfg = Debug|Any CPU
		{6AC12A54-5ACF-4557-966F-8AE78FF35318}.Debug|iPhone.ActiveCfg = Debug|Any CPU
		{6AC12A54-5ACF-4557-966F-8AE78FF35318}.Debug|iPhone.Build.0 = Debug|Any CPU
		{6AC12A54-5ACF-4557-966F-8AE78FF35318}.Debug|iPhoneSimulator.ActiveCfg = Debug|Any CPU
		{6AC12A54-5ACF-4557-966F-8AE78FF35318}.Debug|iPhoneSimulator.Build.0 = Debug|Any CPU
		{6AC12A54-5ACF-4557-966F-8AE78FF35318}.Debug|Mixed Platforms.ActiveCfg = Debug|Any CPU
		{6AC12A54-5ACF-4557-966F-8AE78FF35318}.Debug|Mixed Platforms.Build.0 = Debug|Any CPU
		{6AC12A54-5ACF-4557-966F-8AE78FF35318}.Debug|Mixed Platforms.Deploy.0 = Debug|Any CPU
		{6AC12A54-5ACF-4557-966F-8AE78FF35318}.Debug|x64.ActiveCfg = Debug|x64
		{6AC12A54-5ACF-4557-966F-8AE78FF35318}.Debug|x64.Build.0 = Debug|x64
		{6AC12A54-5ACF-4557-966F-8AE78FF35318}.Debug|x64.Deploy.0 = Debug|x64
		{6AC12A54-5ACF-4557-966F-8AE78FF35318}.Debug|x86.ActiveCfg = Debug|Any CPU
		{6AC12A54-5ACF-4557-966F-8AE78FF35318}.Release|Any CPU.ActiveCfg = Release|Any CPU
		{6AC12A54-5ACF-4557-966F-8AE78FF35318}.Release|Any CPU.Build.0 = Release|Any CPU
		{6AC12A54-5ACF-4557-966F-8AE78FF35318}.Release|ARM.ActiveCfg = Release|Any CPU
		{6AC12A54-5ACF-4557-966F-8AE78FF35318}.Release|iPhone.ActiveCfg = Release|Any CPU
		{6AC12A54-5ACF-4557-966F-8AE78FF35318}.Release|iPhone.Build.0 = Release|Any CPU
		{6AC12A54-5ACF-4557-966F-8AE78FF35318}.Release|iPhoneSimulator.ActiveCfg = Release|Any CPU
		{6AC12A54-5ACF-4557-966F-8AE78FF35318}.Release|iPhoneSimulator.Build.0 = Release|Any CPU
		{6AC12A54-5ACF-4557-966F-8AE78FF35318}.Release|Mixed Platforms.ActiveCfg = Release|Any CPU
		{6AC12A54-5ACF-4557-966F-8AE78FF35318}.Release|Mixed Platforms.Build.0 = Release|Any CPU
		{6AC12A54-5ACF-4557-966F-8AE78FF35318}.Release|Mixed Platforms.Deploy.0 = Release|Any CPU
		{6AC12A54-5ACF-4557-966F-8AE78FF35318}.Release|x64.ActiveCfg = Release|x64
		{6AC12A54-5ACF-4557-966F-8AE78FF35318}.Release|x64.Build.0 = Release|x64
		{6AC12A54-5ACF-4557-966F-8AE78FF35318}.Release|x64.Deploy.0 = Release|x64
		{6AC12A54-5ACF-4557-966F-8AE78FF35318}.Release|x86.ActiveCfg = Release|Any CPU
		{26938478-674C-4AE2-8C51-EE2B9DD8DE0F}.Ad-Hoc|Any CPU.ActiveCfg = Release|Any CPU
		{26938478-674C-4AE2-8C51-EE2B9DD8DE0F}.Ad-Hoc|Any CPU.Build.0 = Release|Any CPU
		{26938478-674C-4AE2-8C51-EE2B9DD8DE0F}.Ad-Hoc|ARM.ActiveCfg = Debug|Any CPU
		{26938478-674C-4AE2-8C51-EE2B9DD8DE0F}.Ad-Hoc|iPhone.ActiveCfg = Debug|Any CPU
		{26938478-674C-4AE2-8C51-EE2B9DD8DE0F}.Ad-Hoc|iPhone.Build.0 = Debug|Any CPU
		{26938478-674C-4AE2-8C51-EE2B9DD8DE0F}.Ad-Hoc|iPhoneSimulator.ActiveCfg = Release|Any CPU
		{26938478-674C-4AE2-8C51-EE2B9DD8DE0F}.Ad-Hoc|Mixed Platforms.ActiveCfg = Debug|Any CPU
		{26938478-674C-4AE2-8C51-EE2B9DD8DE0F}.Ad-Hoc|Mixed Platforms.Build.0 = Debug|Any CPU
		{26938478-674C-4AE2-8C51-EE2B9DD8DE0F}.Ad-Hoc|x64.ActiveCfg = Debug|Any CPU
		{26938478-674C-4AE2-8C51-EE2B9DD8DE0F}.Ad-Hoc|x86.ActiveCfg = Debug|Any CPU
		{26938478-674C-4AE2-8C51-EE2B9DD8DE0F}.AppStore|Any CPU.ActiveCfg = Release|Any CPU
		{26938478-674C-4AE2-8C51-EE2B9DD8DE0F}.AppStore|Any CPU.Build.0 = Release|Any CPU
		{26938478-674C-4AE2-8C51-EE2B9DD8DE0F}.AppStore|ARM.ActiveCfg = Debug|Any CPU
		{26938478-674C-4AE2-8C51-EE2B9DD8DE0F}.AppStore|iPhone.ActiveCfg = Debug|Any CPU
		{26938478-674C-4AE2-8C51-EE2B9DD8DE0F}.AppStore|iPhone.Build.0 = Debug|Any CPU
		{26938478-674C-4AE2-8C51-EE2B9DD8DE0F}.AppStore|iPhoneSimulator.ActiveCfg = Release|Any CPU
		{26938478-674C-4AE2-8C51-EE2B9DD8DE0F}.AppStore|Mixed Platforms.ActiveCfg = Debug|Any CPU
		{26938478-674C-4AE2-8C51-EE2B9DD8DE0F}.AppStore|Mixed Platforms.Build.0 = Debug|Any CPU
		{26938478-674C-4AE2-8C51-EE2B9DD8DE0F}.AppStore|x64.ActiveCfg = Debug|Any CPU
		{26938478-674C-4AE2-8C51-EE2B9DD8DE0F}.AppStore|x86.ActiveCfg = Debug|Any CPU
		{26938478-674C-4AE2-8C51-EE2B9DD8DE0F}.Debug|Any CPU.ActiveCfg = Debug|Any CPU
		{26938478-674C-4AE2-8C51-EE2B9DD8DE0F}.Debug|Any CPU.Build.0 = Debug|Any CPU
		{26938478-674C-4AE2-8C51-EE2B9DD8DE0F}.Debug|ARM.ActiveCfg = Debug|Any CPU
		{26938478-674C-4AE2-8C51-EE2B9DD8DE0F}.Debug|iPhone.ActiveCfg = Debug|Any CPU
		{26938478-674C-4AE2-8C51-EE2B9DD8DE0F}.Debug|iPhone.Build.0 = Debug|Any CPU
		{26938478-674C-4AE2-8C51-EE2B9DD8DE0F}.Debug|iPhoneSimulator.ActiveCfg = Debug|Any CPU
		{26938478-674C-4AE2-8C51-EE2B9DD8DE0F}.Debug|iPhoneSimulator.Build.0 = Debug|Any CPU
		{26938478-674C-4AE2-8C51-EE2B9DD8DE0F}.Debug|Mixed Platforms.ActiveCfg = Debug|Any CPU
		{26938478-674C-4AE2-8C51-EE2B9DD8DE0F}.Debug|Mixed Platforms.Build.0 = Debug|Any CPU
		{26938478-674C-4AE2-8C51-EE2B9DD8DE0F}.Debug|x64.ActiveCfg = Debug|Any CPU
		{26938478-674C-4AE2-8C51-EE2B9DD8DE0F}.Debug|x86.ActiveCfg = Debug|Any CPU
		{26938478-674C-4AE2-8C51-EE2B9DD8DE0F}.Release|Any CPU.ActiveCfg = Release|Any CPU
		{26938478-674C-4AE2-8C51-EE2B9DD8DE0F}.Release|Any CPU.Build.0 = Release|Any CPU
		{26938478-674C-4AE2-8C51-EE2B9DD8DE0F}.Release|ARM.ActiveCfg = Release|Any CPU
		{26938478-674C-4AE2-8C51-EE2B9DD8DE0F}.Release|iPhone.ActiveCfg = Release|Any CPU
		{26938478-674C-4AE2-8C51-EE2B9DD8DE0F}.Release|iPhone.Build.0 = Release|Any CPU
		{26938478-674C-4AE2-8C51-EE2B9DD8DE0F}.Release|iPhoneSimulator.ActiveCfg = Release|Any CPU
		{26938478-674C-4AE2-8C51-EE2B9DD8DE0F}.Release|iPhoneSimulator.Build.0 = Release|Any CPU
		{26938478-674C-4AE2-8C51-EE2B9DD8DE0F}.Release|Mixed Platforms.ActiveCfg = Release|Any CPU
		{26938478-674C-4AE2-8C51-EE2B9DD8DE0F}.Release|Mixed Platforms.Build.0 = Release|Any CPU
		{26938478-674C-4AE2-8C51-EE2B9DD8DE0F}.Release|x64.ActiveCfg = Release|Any CPU
		{26938478-674C-4AE2-8C51-EE2B9DD8DE0F}.Release|x86.ActiveCfg = Release|Any CPU
		{50110DDD-B46E-4F32-96DA-4557F0B1FFCA}.Ad-Hoc|Any CPU.ActiveCfg = Release|Any CPU
		{50110DDD-B46E-4F32-96DA-4557F0B1FFCA}.Ad-Hoc|Any CPU.Build.0 = Release|Any CPU
		{50110DDD-B46E-4F32-96DA-4557F0B1FFCA}.Ad-Hoc|ARM.ActiveCfg = Debug|Any CPU
		{50110DDD-B46E-4F32-96DA-4557F0B1FFCA}.Ad-Hoc|iPhone.ActiveCfg = Debug|Any CPU
		{50110DDD-B46E-4F32-96DA-4557F0B1FFCA}.Ad-Hoc|iPhone.Build.0 = Debug|Any CPU
		{50110DDD-B46E-4F32-96DA-4557F0B1FFCA}.Ad-Hoc|iPhoneSimulator.ActiveCfg = Release|Any CPU
		{50110DDD-B46E-4F32-96DA-4557F0B1FFCA}.Ad-Hoc|Mixed Platforms.ActiveCfg = Debug|Any CPU
		{50110DDD-B46E-4F32-96DA-4557F0B1FFCA}.Ad-Hoc|Mixed Platforms.Build.0 = Debug|Any CPU
		{50110DDD-B46E-4F32-96DA-4557F0B1FFCA}.Ad-Hoc|x64.ActiveCfg = Debug|Any CPU
		{50110DDD-B46E-4F32-96DA-4557F0B1FFCA}.Ad-Hoc|x86.ActiveCfg = Debug|Any CPU
		{50110DDD-B46E-4F32-96DA-4557F0B1FFCA}.AppStore|Any CPU.ActiveCfg = Release|Any CPU
		{50110DDD-B46E-4F32-96DA-4557F0B1FFCA}.AppStore|Any CPU.Build.0 = Release|Any CPU
		{50110DDD-B46E-4F32-96DA-4557F0B1FFCA}.AppStore|ARM.ActiveCfg = Debug|Any CPU
		{50110DDD-B46E-4F32-96DA-4557F0B1FFCA}.AppStore|iPhone.ActiveCfg = Release|Any CPU
		{50110DDD-B46E-4F32-96DA-4557F0B1FFCA}.AppStore|iPhone.Build.0 = Release|Any CPU
		{50110DDD-B46E-4F32-96DA-4557F0B1FFCA}.AppStore|iPhoneSimulator.ActiveCfg = Release|Any CPU
		{50110DDD-B46E-4F32-96DA-4557F0B1FFCA}.AppStore|Mixed Platforms.ActiveCfg = Debug|Any CPU
		{50110DDD-B46E-4F32-96DA-4557F0B1FFCA}.AppStore|Mixed Platforms.Build.0 = Debug|Any CPU
		{50110DDD-B46E-4F32-96DA-4557F0B1FFCA}.AppStore|x64.ActiveCfg = Debug|Any CPU
		{50110DDD-B46E-4F32-96DA-4557F0B1FFCA}.AppStore|x86.ActiveCfg = Debug|Any CPU
		{50110DDD-B46E-4F32-96DA-4557F0B1FFCA}.Debug|Any CPU.ActiveCfg = Debug|Any CPU
		{50110DDD-B46E-4F32-96DA-4557F0B1FFCA}.Debug|Any CPU.Build.0 = Debug|Any CPU
		{50110DDD-B46E-4F32-96DA-4557F0B1FFCA}.Debug|ARM.ActiveCfg = Debug|Any CPU
		{50110DDD-B46E-4F32-96DA-4557F0B1FFCA}.Debug|iPhone.ActiveCfg = Debug|Any CPU
		{50110DDD-B46E-4F32-96DA-4557F0B1FFCA}.Debug|iPhone.Build.0 = Debug|Any CPU
		{50110DDD-B46E-4F32-96DA-4557F0B1FFCA}.Debug|iPhoneSimulator.ActiveCfg = Debug|Any CPU
		{50110DDD-B46E-4F32-96DA-4557F0B1FFCA}.Debug|iPhoneSimulator.Build.0 = Debug|Any CPU
		{50110DDD-B46E-4F32-96DA-4557F0B1FFCA}.Debug|Mixed Platforms.ActiveCfg = Debug|Any CPU
		{50110DDD-B46E-4F32-96DA-4557F0B1FFCA}.Debug|Mixed Platforms.Build.0 = Debug|Any CPU
		{50110DDD-B46E-4F32-96DA-4557F0B1FFCA}.Debug|x64.ActiveCfg = Debug|Any CPU
		{50110DDD-B46E-4F32-96DA-4557F0B1FFCA}.Debug|x86.ActiveCfg = Debug|Any CPU
		{50110DDD-B46E-4F32-96DA-4557F0B1FFCA}.Release|Any CPU.ActiveCfg = Release|Any CPU
		{50110DDD-B46E-4F32-96DA-4557F0B1FFCA}.Release|Any CPU.Build.0 = Release|Any CPU
		{50110DDD-B46E-4F32-96DA-4557F0B1FFCA}.Release|ARM.ActiveCfg = Release|Any CPU
		{50110DDD-B46E-4F32-96DA-4557F0B1FFCA}.Release|iPhone.ActiveCfg = Release|Any CPU
		{50110DDD-B46E-4F32-96DA-4557F0B1FFCA}.Release|iPhone.Build.0 = Release|Any CPU
		{50110DDD-B46E-4F32-96DA-4557F0B1FFCA}.Release|iPhoneSimulator.ActiveCfg = Release|Any CPU
		{50110DDD-B46E-4F32-96DA-4557F0B1FFCA}.Release|iPhoneSimulator.Build.0 = Release|Any CPU
		{50110DDD-B46E-4F32-96DA-4557F0B1FFCA}.Release|Mixed Platforms.ActiveCfg = Release|Any CPU
		{50110DDD-B46E-4F32-96DA-4557F0B1FFCA}.Release|Mixed Platforms.Build.0 = Release|Any CPU
		{50110DDD-B46E-4F32-96DA-4557F0B1FFCA}.Release|x64.ActiveCfg = Release|Any CPU
		{50110DDD-B46E-4F32-96DA-4557F0B1FFCA}.Release|x86.ActiveCfg = Release|Any CPU
		{BD629D9E-4C4E-4102-A7CA-7FADC75784E8}.Ad-Hoc|Any CPU.ActiveCfg = Debug|Any CPU
		{BD629D9E-4C4E-4102-A7CA-7FADC75784E8}.Ad-Hoc|Any CPU.Build.0 = Debug|Any CPU
		{BD629D9E-4C4E-4102-A7CA-7FADC75784E8}.Ad-Hoc|ARM.ActiveCfg = Release|Any CPU
		{BD629D9E-4C4E-4102-A7CA-7FADC75784E8}.Ad-Hoc|iPhone.ActiveCfg = Release|Any CPU
		{BD629D9E-4C4E-4102-A7CA-7FADC75784E8}.Ad-Hoc|iPhone.Build.0 = Release|Any CPU
		{BD629D9E-4C4E-4102-A7CA-7FADC75784E8}.Ad-Hoc|iPhoneSimulator.ActiveCfg = Debug|Any CPU
		{BD629D9E-4C4E-4102-A7CA-7FADC75784E8}.Ad-Hoc|Mixed Platforms.ActiveCfg = Release|Any CPU
		{BD629D9E-4C4E-4102-A7CA-7FADC75784E8}.Ad-Hoc|Mixed Platforms.Build.0 = Release|Any CPU
		{BD629D9E-4C4E-4102-A7CA-7FADC75784E8}.Ad-Hoc|x64.ActiveCfg = Release|Any CPU
		{BD629D9E-4C4E-4102-A7CA-7FADC75784E8}.Ad-Hoc|x86.ActiveCfg = Release|Any CPU
		{BD629D9E-4C4E-4102-A7CA-7FADC75784E8}.AppStore|Any CPU.ActiveCfg = Debug|Any CPU
		{BD629D9E-4C4E-4102-A7CA-7FADC75784E8}.AppStore|Any CPU.Build.0 = Debug|Any CPU
		{BD629D9E-4C4E-4102-A7CA-7FADC75784E8}.AppStore|ARM.ActiveCfg = Release|Any CPU
		{BD629D9E-4C4E-4102-A7CA-7FADC75784E8}.AppStore|iPhone.ActiveCfg = Release|Any CPU
		{BD629D9E-4C4E-4102-A7CA-7FADC75784E8}.AppStore|iPhone.Build.0 = Release|Any CPU
		{BD629D9E-4C4E-4102-A7CA-7FADC75784E8}.AppStore|iPhoneSimulator.ActiveCfg = Debug|Any CPU
		{BD629D9E-4C4E-4102-A7CA-7FADC75784E8}.AppStore|Mixed Platforms.ActiveCfg = Release|Any CPU
		{BD629D9E-4C4E-4102-A7CA-7FADC75784E8}.AppStore|Mixed Platforms.Build.0 = Release|Any CPU
		{BD629D9E-4C4E-4102-A7CA-7FADC75784E8}.AppStore|x64.ActiveCfg = Release|Any CPU
		{BD629D9E-4C4E-4102-A7CA-7FADC75784E8}.AppStore|x86.ActiveCfg = Release|Any CPU
		{BD629D9E-4C4E-4102-A7CA-7FADC75784E8}.Debug|Any CPU.ActiveCfg = Debug|Any CPU
		{BD629D9E-4C4E-4102-A7CA-7FADC75784E8}.Debug|Any CPU.Build.0 = Debug|Any CPU
		{BD629D9E-4C4E-4102-A7CA-7FADC75784E8}.Debug|ARM.ActiveCfg = Debug|Any CPU
		{BD629D9E-4C4E-4102-A7CA-7FADC75784E8}.Debug|iPhone.ActiveCfg = Debug|Any CPU
		{BD629D9E-4C4E-4102-A7CA-7FADC75784E8}.Debug|iPhone.Build.0 = Debug|Any CPU
		{BD629D9E-4C4E-4102-A7CA-7FADC75784E8}.Debug|iPhoneSimulator.ActiveCfg = Debug|Any CPU
		{BD629D9E-4C4E-4102-A7CA-7FADC75784E8}.Debug|iPhoneSimulator.Build.0 = Debug|Any CPU
		{BD629D9E-4C4E-4102-A7CA-7FADC75784E8}.Debug|Mixed Platforms.ActiveCfg = Debug|Any CPU
		{BD629D9E-4C4E-4102-A7CA-7FADC75784E8}.Debug|Mixed Platforms.Build.0 = Debug|Any CPU
		{BD629D9E-4C4E-4102-A7CA-7FADC75784E8}.Debug|x64.ActiveCfg = Debug|Any CPU
		{BD629D9E-4C4E-4102-A7CA-7FADC75784E8}.Debug|x86.ActiveCfg = Debug|Any CPU
		{BD629D9E-4C4E-4102-A7CA-7FADC75784E8}.Release|Any CPU.ActiveCfg = Release|Any CPU
		{BD629D9E-4C4E-4102-A7CA-7FADC75784E8}.Release|Any CPU.Build.0 = Release|Any CPU
		{BD629D9E-4C4E-4102-A7CA-7FADC75784E8}.Release|ARM.ActiveCfg = Release|Any CPU
		{BD629D9E-4C4E-4102-A7CA-7FADC75784E8}.Release|iPhone.ActiveCfg = Release|Any CPU
		{BD629D9E-4C4E-4102-A7CA-7FADC75784E8}.Release|iPhone.Build.0 = Release|Any CPU
		{BD629D9E-4C4E-4102-A7CA-7FADC75784E8}.Release|iPhoneSimulator.ActiveCfg = Release|Any CPU
		{BD629D9E-4C4E-4102-A7CA-7FADC75784E8}.Release|iPhoneSimulator.Build.0 = Release|Any CPU
		{BD629D9E-4C4E-4102-A7CA-7FADC75784E8}.Release|Mixed Platforms.ActiveCfg = Release|Any CPU
		{BD629D9E-4C4E-4102-A7CA-7FADC75784E8}.Release|Mixed Platforms.Build.0 = Release|Any CPU
		{BD629D9E-4C4E-4102-A7CA-7FADC75784E8}.Release|x64.ActiveCfg = Release|Any CPU
		{BD629D9E-4C4E-4102-A7CA-7FADC75784E8}.Release|x86.ActiveCfg = Release|Any CPU
		{E64AFCC5-73A5-448D-82CA-306CC18710DD}.Ad-Hoc|Any CPU.ActiveCfg = Release|Any CPU
		{E64AFCC5-73A5-448D-82CA-306CC18710DD}.Ad-Hoc|Any CPU.Build.0 = Release|Any CPU
		{E64AFCC5-73A5-448D-82CA-306CC18710DD}.Ad-Hoc|ARM.ActiveCfg = Debug|Any CPU
		{E64AFCC5-73A5-448D-82CA-306CC18710DD}.Ad-Hoc|iPhone.ActiveCfg = Debug|Any CPU
		{E64AFCC5-73A5-448D-82CA-306CC18710DD}.Ad-Hoc|iPhone.Build.0 = Debug|Any CPU
		{E64AFCC5-73A5-448D-82CA-306CC18710DD}.Ad-Hoc|iPhoneSimulator.ActiveCfg = Release|Any CPU
		{E64AFCC5-73A5-448D-82CA-306CC18710DD}.Ad-Hoc|Mixed Platforms.ActiveCfg = Debug|Any CPU
		{E64AFCC5-73A5-448D-82CA-306CC18710DD}.Ad-Hoc|Mixed Platforms.Build.0 = Debug|Any CPU
		{E64AFCC5-73A5-448D-82CA-306CC18710DD}.Ad-Hoc|x64.ActiveCfg = Debug|Any CPU
		{E64AFCC5-73A5-448D-82CA-306CC18710DD}.Ad-Hoc|x86.ActiveCfg = Debug|Any CPU
		{E64AFCC5-73A5-448D-82CA-306CC18710DD}.AppStore|Any CPU.ActiveCfg = Release|Any CPU
		{E64AFCC5-73A5-448D-82CA-306CC18710DD}.AppStore|Any CPU.Build.0 = Release|Any CPU
		{E64AFCC5-73A5-448D-82CA-306CC18710DD}.AppStore|ARM.ActiveCfg = Debug|Any CPU
		{E64AFCC5-73A5-448D-82CA-306CC18710DD}.AppStore|iPhone.ActiveCfg = Release|Any CPU
		{E64AFCC5-73A5-448D-82CA-306CC18710DD}.AppStore|iPhone.Build.0 = Release|Any CPU
		{E64AFCC5-73A5-448D-82CA-306CC18710DD}.AppStore|iPhoneSimulator.ActiveCfg = Release|Any CPU
		{E64AFCC5-73A5-448D-82CA-306CC18710DD}.AppStore|Mixed Platforms.ActiveCfg = Debug|Any CPU
		{E64AFCC5-73A5-448D-82CA-306CC18710DD}.AppStore|Mixed Platforms.Build.0 = Debug|Any CPU
		{E64AFCC5-73A5-448D-82CA-306CC18710DD}.AppStore|x64.ActiveCfg = Debug|Any CPU
		{E64AFCC5-73A5-448D-82CA-306CC18710DD}.AppStore|x86.ActiveCfg = Debug|Any CPU
		{E64AFCC5-73A5-448D-82CA-306CC18710DD}.Debug|Any CPU.ActiveCfg = Debug|Any CPU
		{E64AFCC5-73A5-448D-82CA-306CC18710DD}.Debug|Any CPU.Build.0 = Debug|Any CPU
		{E64AFCC5-73A5-448D-82CA-306CC18710DD}.Debug|ARM.ActiveCfg = Debug|Any CPU
		{E64AFCC5-73A5-448D-82CA-306CC18710DD}.Debug|iPhone.ActiveCfg = Debug|Any CPU
		{E64AFCC5-73A5-448D-82CA-306CC18710DD}.Debug|iPhone.Build.0 = Debug|Any CPU
		{E64AFCC5-73A5-448D-82CA-306CC18710DD}.Debug|iPhoneSimulator.ActiveCfg = Debug|Any CPU
		{E64AFCC5-73A5-448D-82CA-306CC18710DD}.Debug|iPhoneSimulator.Build.0 = Debug|Any CPU
		{E64AFCC5-73A5-448D-82CA-306CC18710DD}.Debug|Mixed Platforms.ActiveCfg = Debug|Any CPU
		{E64AFCC5-73A5-448D-82CA-306CC18710DD}.Debug|Mixed Platforms.Build.0 = Debug|Any CPU
		{E64AFCC5-73A5-448D-82CA-306CC18710DD}.Debug|x64.ActiveCfg = Debug|Any CPU
		{E64AFCC5-73A5-448D-82CA-306CC18710DD}.Debug|x86.ActiveCfg = Debug|Any CPU
		{E64AFCC5-73A5-448D-82CA-306CC18710DD}.Release|Any CPU.ActiveCfg = Release|Any CPU
		{E64AFCC5-73A5-448D-82CA-306CC18710DD}.Release|Any CPU.Build.0 = Release|Any CPU
		{E64AFCC5-73A5-448D-82CA-306CC18710DD}.Release|ARM.ActiveCfg = Release|Any CPU
		{E64AFCC5-73A5-448D-82CA-306CC18710DD}.Release|iPhone.ActiveCfg = Release|Any CPU
		{E64AFCC5-73A5-448D-82CA-306CC18710DD}.Release|iPhone.Build.0 = Release|Any CPU
		{E64AFCC5-73A5-448D-82CA-306CC18710DD}.Release|iPhoneSimulator.ActiveCfg = Release|Any CPU
		{E64AFCC5-73A5-448D-82CA-306CC18710DD}.Release|iPhoneSimulator.Build.0 = Release|Any CPU
		{E64AFCC5-73A5-448D-82CA-306CC18710DD}.Release|Mixed Platforms.ActiveCfg = Release|Any CPU
		{E64AFCC5-73A5-448D-82CA-306CC18710DD}.Release|Mixed Platforms.Build.0 = Release|Any CPU
		{E64AFCC5-73A5-448D-82CA-306CC18710DD}.Release|x64.ActiveCfg = Release|Any CPU
		{E64AFCC5-73A5-448D-82CA-306CC18710DD}.Release|x86.ActiveCfg = Release|Any CPU
		{D65AAAAF-EB8D-4BEF-85F0-3A7445CDC05A}.Ad-Hoc|Any CPU.ActiveCfg = Release|Any CPU
		{D65AAAAF-EB8D-4BEF-85F0-3A7445CDC05A}.Ad-Hoc|Any CPU.Build.0 = Release|Any CPU
		{D65AAAAF-EB8D-4BEF-85F0-3A7445CDC05A}.Ad-Hoc|ARM.ActiveCfg = Debug|Any CPU
		{D65AAAAF-EB8D-4BEF-85F0-3A7445CDC05A}.Ad-Hoc|iPhone.ActiveCfg = Debug|Any CPU
		{D65AAAAF-EB8D-4BEF-85F0-3A7445CDC05A}.Ad-Hoc|iPhone.Build.0 = Debug|Any CPU
		{D65AAAAF-EB8D-4BEF-85F0-3A7445CDC05A}.Ad-Hoc|iPhoneSimulator.ActiveCfg = Release|Any CPU
		{D65AAAAF-EB8D-4BEF-85F0-3A7445CDC05A}.Ad-Hoc|Mixed Platforms.ActiveCfg = Debug|Any CPU
		{D65AAAAF-EB8D-4BEF-85F0-3A7445CDC05A}.Ad-Hoc|Mixed Platforms.Build.0 = Debug|Any CPU
		{D65AAAAF-EB8D-4BEF-85F0-3A7445CDC05A}.Ad-Hoc|x64.ActiveCfg = Debug|Any CPU
		{D65AAAAF-EB8D-4BEF-85F0-3A7445CDC05A}.Ad-Hoc|x86.ActiveCfg = Debug|Any CPU
		{D65AAAAF-EB8D-4BEF-85F0-3A7445CDC05A}.AppStore|Any CPU.ActiveCfg = Release|Any CPU
		{D65AAAAF-EB8D-4BEF-85F0-3A7445CDC05A}.AppStore|Any CPU.Build.0 = Release|Any CPU
		{D65AAAAF-EB8D-4BEF-85F0-3A7445CDC05A}.AppStore|ARM.ActiveCfg = Debug|Any CPU
		{D65AAAAF-EB8D-4BEF-85F0-3A7445CDC05A}.AppStore|iPhone.ActiveCfg = Release|Any CPU
		{D65AAAAF-EB8D-4BEF-85F0-3A7445CDC05A}.AppStore|iPhone.Build.0 = Release|Any CPU
		{D65AAAAF-EB8D-4BEF-85F0-3A7445CDC05A}.AppStore|iPhoneSimulator.ActiveCfg = Release|Any CPU
		{D65AAAAF-EB8D-4BEF-85F0-3A7445CDC05A}.AppStore|Mixed Platforms.ActiveCfg = Debug|Any CPU
		{D65AAAAF-EB8D-4BEF-85F0-3A7445CDC05A}.AppStore|Mixed Platforms.Build.0 = Debug|Any CPU
		{D65AAAAF-EB8D-4BEF-85F0-3A7445CDC05A}.AppStore|x64.ActiveCfg = Debug|Any CPU
		{D65AAAAF-EB8D-4BEF-85F0-3A7445CDC05A}.AppStore|x86.ActiveCfg = Debug|Any CPU
		{D65AAAAF-EB8D-4BEF-85F0-3A7445CDC05A}.Debug|Any CPU.ActiveCfg = Debug|Any CPU
		{D65AAAAF-EB8D-4BEF-85F0-3A7445CDC05A}.Debug|Any CPU.Build.0 = Debug|Any CPU
		{D65AAAAF-EB8D-4BEF-85F0-3A7445CDC05A}.Debug|ARM.ActiveCfg = Debug|Any CPU
		{D65AAAAF-EB8D-4BEF-85F0-3A7445CDC05A}.Debug|iPhone.ActiveCfg = Debug|Any CPU
		{D65AAAAF-EB8D-4BEF-85F0-3A7445CDC05A}.Debug|iPhone.Build.0 = Debug|Any CPU
		{D65AAAAF-EB8D-4BEF-85F0-3A7445CDC05A}.Debug|iPhoneSimulator.ActiveCfg = Debug|Any CPU
		{D65AAAAF-EB8D-4BEF-85F0-3A7445CDC05A}.Debug|iPhoneSimulator.Build.0 = Debug|Any CPU
		{D65AAAAF-EB8D-4BEF-85F0-3A7445CDC05A}.Debug|Mixed Platforms.ActiveCfg = Debug|Any CPU
		{D65AAAAF-EB8D-4BEF-85F0-3A7445CDC05A}.Debug|Mixed Platforms.Build.0 = Debug|Any CPU
		{D65AAAAF-EB8D-4BEF-85F0-3A7445CDC05A}.Debug|x64.ActiveCfg = Debug|Any CPU
		{D65AAAAF-EB8D-4BEF-85F0-3A7445CDC05A}.Debug|x86.ActiveCfg = Debug|Any CPU
		{D65AAAAF-EB8D-4BEF-85F0-3A7445CDC05A}.Release|Any CPU.ActiveCfg = Release|Any CPU
		{D65AAAAF-EB8D-4BEF-85F0-3A7445CDC05A}.Release|Any CPU.Build.0 = Release|Any CPU
		{D65AAAAF-EB8D-4BEF-85F0-3A7445CDC05A}.Release|ARM.ActiveCfg = Release|Any CPU
		{D65AAAAF-EB8D-4BEF-85F0-3A7445CDC05A}.Release|iPhone.ActiveCfg = Release|Any CPU
		{D65AAAAF-EB8D-4BEF-85F0-3A7445CDC05A}.Release|iPhone.Build.0 = Release|Any CPU
		{D65AAAAF-EB8D-4BEF-85F0-3A7445CDC05A}.Release|iPhoneSimulator.ActiveCfg = Release|Any CPU
		{D65AAAAF-EB8D-4BEF-85F0-3A7445CDC05A}.Release|iPhoneSimulator.Build.0 = Release|Any CPU
		{D65AAAAF-EB8D-4BEF-85F0-3A7445CDC05A}.Release|Mixed Platforms.ActiveCfg = Release|Any CPU
		{D65AAAAF-EB8D-4BEF-85F0-3A7445CDC05A}.Release|Mixed Platforms.Build.0 = Release|Any CPU
		{D65AAAAF-EB8D-4BEF-85F0-3A7445CDC05A}.Release|x64.ActiveCfg = Release|Any CPU
		{D65AAAAF-EB8D-4BEF-85F0-3A7445CDC05A}.Release|x86.ActiveCfg = Release|Any CPU
		{A8CA245A-73C1-4C8C-8BE0-E02D71789C54}.Ad-Hoc|Any CPU.ActiveCfg = Release|Any CPU
		{A8CA245A-73C1-4C8C-8BE0-E02D71789C54}.Ad-Hoc|Any CPU.Build.0 = Release|Any CPU
		{A8CA245A-73C1-4C8C-8BE0-E02D71789C54}.Ad-Hoc|ARM.ActiveCfg = Debug|Any CPU
		{A8CA245A-73C1-4C8C-8BE0-E02D71789C54}.Ad-Hoc|iPhone.ActiveCfg = Debug|Any CPU
		{A8CA245A-73C1-4C8C-8BE0-E02D71789C54}.Ad-Hoc|iPhone.Build.0 = Debug|Any CPU
		{A8CA245A-73C1-4C8C-8BE0-E02D71789C54}.Ad-Hoc|iPhoneSimulator.ActiveCfg = Release|Any CPU
		{A8CA245A-73C1-4C8C-8BE0-E02D71789C54}.Ad-Hoc|Mixed Platforms.ActiveCfg = Debug|Any CPU
		{A8CA245A-73C1-4C8C-8BE0-E02D71789C54}.Ad-Hoc|Mixed Platforms.Build.0 = Debug|Any CPU
		{A8CA245A-73C1-4C8C-8BE0-E02D71789C54}.Ad-Hoc|x64.ActiveCfg = Debug|Any CPU
		{A8CA245A-73C1-4C8C-8BE0-E02D71789C54}.Ad-Hoc|x86.ActiveCfg = Debug|Any CPU
		{A8CA245A-73C1-4C8C-8BE0-E02D71789C54}.AppStore|Any CPU.ActiveCfg = Release|Any CPU
		{A8CA245A-73C1-4C8C-8BE0-E02D71789C54}.AppStore|Any CPU.Build.0 = Release|Any CPU
		{A8CA245A-73C1-4C8C-8BE0-E02D71789C54}.AppStore|ARM.ActiveCfg = Debug|Any CPU
		{A8CA245A-73C1-4C8C-8BE0-E02D71789C54}.AppStore|iPhone.ActiveCfg = Release|Any CPU
		{A8CA245A-73C1-4C8C-8BE0-E02D71789C54}.AppStore|iPhone.Build.0 = Release|Any CPU
		{A8CA245A-73C1-4C8C-8BE0-E02D71789C54}.AppStore|iPhoneSimulator.ActiveCfg = Release|Any CPU
		{A8CA245A-73C1-4C8C-8BE0-E02D71789C54}.AppStore|Mixed Platforms.ActiveCfg = Debug|Any CPU
		{A8CA245A-73C1-4C8C-8BE0-E02D71789C54}.AppStore|Mixed Platforms.Build.0 = Debug|Any CPU
		{A8CA245A-73C1-4C8C-8BE0-E02D71789C54}.AppStore|x64.ActiveCfg = Debug|Any CPU
		{A8CA245A-73C1-4C8C-8BE0-E02D71789C54}.AppStore|x86.ActiveCfg = Debug|Any CPU
		{A8CA245A-73C1-4C8C-8BE0-E02D71789C54}.Debug|Any CPU.ActiveCfg = Debug|Any CPU
		{A8CA245A-73C1-4C8C-8BE0-E02D71789C54}.Debug|Any CPU.Build.0 = Debug|Any CPU
		{A8CA245A-73C1-4C8C-8BE0-E02D71789C54}.Debug|Any CPU.Deploy.0 = Debug|Any CPU
		{A8CA245A-73C1-4C8C-8BE0-E02D71789C54}.Debug|ARM.ActiveCfg = Debug|Any CPU
		{A8CA245A-73C1-4C8C-8BE0-E02D71789C54}.Debug|iPhone.ActiveCfg = Debug|Any CPU
		{A8CA245A-73C1-4C8C-8BE0-E02D71789C54}.Debug|iPhone.Build.0 = Debug|Any CPU
		{A8CA245A-73C1-4C8C-8BE0-E02D71789C54}.Debug|iPhoneSimulator.ActiveCfg = Debug|Any CPU
		{A8CA245A-73C1-4C8C-8BE0-E02D71789C54}.Debug|iPhoneSimulator.Build.0 = Debug|Any CPU
		{A8CA245A-73C1-4C8C-8BE0-E02D71789C54}.Debug|Mixed Platforms.ActiveCfg = Debug|Any CPU
		{A8CA245A-73C1-4C8C-8BE0-E02D71789C54}.Debug|Mixed Platforms.Build.0 = Debug|Any CPU
		{A8CA245A-73C1-4C8C-8BE0-E02D71789C54}.Debug|x64.ActiveCfg = Debug|Any CPU
		{A8CA245A-73C1-4C8C-8BE0-E02D71789C54}.Debug|x86.ActiveCfg = Debug|Any CPU
		{A8CA245A-73C1-4C8C-8BE0-E02D71789C54}.Release|Any CPU.ActiveCfg = Release|Any CPU
		{A8CA245A-73C1-4C8C-8BE0-E02D71789C54}.Release|Any CPU.Build.0 = Release|Any CPU
		{A8CA245A-73C1-4C8C-8BE0-E02D71789C54}.Release|ARM.ActiveCfg = Release|Any CPU
		{A8CA245A-73C1-4C8C-8BE0-E02D71789C54}.Release|iPhone.ActiveCfg = Release|Any CPU
		{A8CA245A-73C1-4C8C-8BE0-E02D71789C54}.Release|iPhone.Build.0 = Release|Any CPU
		{A8CA245A-73C1-4C8C-8BE0-E02D71789C54}.Release|iPhoneSimulator.ActiveCfg = Release|Any CPU
		{A8CA245A-73C1-4C8C-8BE0-E02D71789C54}.Release|iPhoneSimulator.Build.0 = Release|Any CPU
		{A8CA245A-73C1-4C8C-8BE0-E02D71789C54}.Release|Mixed Platforms.ActiveCfg = Release|Any CPU
		{A8CA245A-73C1-4C8C-8BE0-E02D71789C54}.Release|Mixed Platforms.Build.0 = Release|Any CPU
		{A8CA245A-73C1-4C8C-8BE0-E02D71789C54}.Release|x64.ActiveCfg = Release|Any CPU
		{A8CA245A-73C1-4C8C-8BE0-E02D71789C54}.Release|x86.ActiveCfg = Release|Any CPU
		{1F855DFE-0D2C-4E82-A853-1C15979D0C2D}.Ad-Hoc|Any CPU.ActiveCfg = Release|Any CPU
		{1F855DFE-0D2C-4E82-A853-1C15979D0C2D}.Ad-Hoc|Any CPU.Build.0 = Release|Any CPU
		{1F855DFE-0D2C-4E82-A853-1C15979D0C2D}.Ad-Hoc|ARM.ActiveCfg = Debug|Any CPU
		{1F855DFE-0D2C-4E82-A853-1C15979D0C2D}.Ad-Hoc|iPhone.ActiveCfg = Debug|Any CPU
		{1F855DFE-0D2C-4E82-A853-1C15979D0C2D}.Ad-Hoc|iPhone.Build.0 = Debug|Any CPU
		{1F855DFE-0D2C-4E82-A853-1C15979D0C2D}.Ad-Hoc|iPhoneSimulator.ActiveCfg = Release|Any CPU
		{1F855DFE-0D2C-4E82-A853-1C15979D0C2D}.Ad-Hoc|Mixed Platforms.ActiveCfg = Debug|Any CPU
		{1F855DFE-0D2C-4E82-A853-1C15979D0C2D}.Ad-Hoc|Mixed Platforms.Build.0 = Debug|Any CPU
		{1F855DFE-0D2C-4E82-A853-1C15979D0C2D}.Ad-Hoc|x64.ActiveCfg = Debug|Any CPU
		{1F855DFE-0D2C-4E82-A853-1C15979D0C2D}.Ad-Hoc|x86.ActiveCfg = Debug|Any CPU
		{1F855DFE-0D2C-4E82-A853-1C15979D0C2D}.AppStore|Any CPU.ActiveCfg = Release|Any CPU
		{1F855DFE-0D2C-4E82-A853-1C15979D0C2D}.AppStore|Any CPU.Build.0 = Release|Any CPU
		{1F855DFE-0D2C-4E82-A853-1C15979D0C2D}.AppStore|ARM.ActiveCfg = Debug|Any CPU
		{1F855DFE-0D2C-4E82-A853-1C15979D0C2D}.AppStore|iPhone.ActiveCfg = Release|Any CPU
		{1F855DFE-0D2C-4E82-A853-1C15979D0C2D}.AppStore|iPhone.Build.0 = Release|Any CPU
		{1F855DFE-0D2C-4E82-A853-1C15979D0C2D}.AppStore|iPhoneSimulator.ActiveCfg = Release|Any CPU
		{1F855DFE-0D2C-4E82-A853-1C15979D0C2D}.AppStore|Mixed Platforms.ActiveCfg = Debug|Any CPU
		{1F855DFE-0D2C-4E82-A853-1C15979D0C2D}.AppStore|Mixed Platforms.Build.0 = Debug|Any CPU
		{1F855DFE-0D2C-4E82-A853-1C15979D0C2D}.AppStore|x64.ActiveCfg = Debug|Any CPU
		{1F855DFE-0D2C-4E82-A853-1C15979D0C2D}.AppStore|x86.ActiveCfg = Debug|Any CPU
		{1F855DFE-0D2C-4E82-A853-1C15979D0C2D}.Debug|Any CPU.ActiveCfg = Debug|Any CPU
		{1F855DFE-0D2C-4E82-A853-1C15979D0C2D}.Debug|Any CPU.Build.0 = Debug|Any CPU
		{1F855DFE-0D2C-4E82-A853-1C15979D0C2D}.Debug|ARM.ActiveCfg = Debug|Any CPU
		{1F855DFE-0D2C-4E82-A853-1C15979D0C2D}.Debug|iPhone.ActiveCfg = Debug|Any CPU
		{1F855DFE-0D2C-4E82-A853-1C15979D0C2D}.Debug|iPhone.Build.0 = Debug|Any CPU
		{1F855DFE-0D2C-4E82-A853-1C15979D0C2D}.Debug|iPhoneSimulator.ActiveCfg = Debug|Any CPU
		{1F855DFE-0D2C-4E82-A853-1C15979D0C2D}.Debug|iPhoneSimulator.Build.0 = Debug|Any CPU
		{1F855DFE-0D2C-4E82-A853-1C15979D0C2D}.Debug|Mixed Platforms.ActiveCfg = Debug|Any CPU
		{1F855DFE-0D2C-4E82-A853-1C15979D0C2D}.Debug|Mixed Platforms.Build.0 = Debug|Any CPU
		{1F855DFE-0D2C-4E82-A853-1C15979D0C2D}.Debug|x64.ActiveCfg = Debug|Any CPU
		{1F855DFE-0D2C-4E82-A853-1C15979D0C2D}.Debug|x86.ActiveCfg = Debug|Any CPU
		{1F855DFE-0D2C-4E82-A853-1C15979D0C2D}.Release|Any CPU.ActiveCfg = Release|Any CPU
		{1F855DFE-0D2C-4E82-A853-1C15979D0C2D}.Release|Any CPU.Build.0 = Release|Any CPU
		{1F855DFE-0D2C-4E82-A853-1C15979D0C2D}.Release|ARM.ActiveCfg = Release|Any CPU
		{1F855DFE-0D2C-4E82-A853-1C15979D0C2D}.Release|iPhone.ActiveCfg = Release|Any CPU
		{1F855DFE-0D2C-4E82-A853-1C15979D0C2D}.Release|iPhone.Build.0 = Release|Any CPU
		{1F855DFE-0D2C-4E82-A853-1C15979D0C2D}.Release|iPhoneSimulator.ActiveCfg = Release|Any CPU
		{1F855DFE-0D2C-4E82-A853-1C15979D0C2D}.Release|iPhoneSimulator.Build.0 = Release|Any CPU
		{1F855DFE-0D2C-4E82-A853-1C15979D0C2D}.Release|Mixed Platforms.ActiveCfg = Release|Any CPU
		{1F855DFE-0D2C-4E82-A853-1C15979D0C2D}.Release|Mixed Platforms.Build.0 = Release|Any CPU
		{1F855DFE-0D2C-4E82-A853-1C15979D0C2D}.Release|x64.ActiveCfg = Release|Any CPU
		{1F855DFE-0D2C-4E82-A853-1C15979D0C2D}.Release|x86.ActiveCfg = Release|Any CPU
		{6345D471-364A-4F0E-BA28-7AB2325BC81A}.Ad-Hoc|Any CPU.ActiveCfg = Release|Any CPU
		{6345D471-364A-4F0E-BA28-7AB2325BC81A}.Ad-Hoc|Any CPU.Build.0 = Release|Any CPU
		{6345D471-364A-4F0E-BA28-7AB2325BC81A}.Ad-Hoc|ARM.ActiveCfg = Release|Any CPU
		{6345D471-364A-4F0E-BA28-7AB2325BC81A}.Ad-Hoc|iPhone.ActiveCfg = Release|Any CPU
		{6345D471-364A-4F0E-BA28-7AB2325BC81A}.Ad-Hoc|iPhoneSimulator.ActiveCfg = Release|Any CPU
		{6345D471-364A-4F0E-BA28-7AB2325BC81A}.Ad-Hoc|Mixed Platforms.ActiveCfg = Release|Any CPU
		{6345D471-364A-4F0E-BA28-7AB2325BC81A}.Ad-Hoc|Mixed Platforms.Build.0 = Release|Any CPU
		{6345D471-364A-4F0E-BA28-7AB2325BC81A}.Ad-Hoc|x64.ActiveCfg = Release|Any CPU
		{6345D471-364A-4F0E-BA28-7AB2325BC81A}.Ad-Hoc|x86.ActiveCfg = Release|Any CPU
		{6345D471-364A-4F0E-BA28-7AB2325BC81A}.AppStore|Any CPU.ActiveCfg = Release|Any CPU
		{6345D471-364A-4F0E-BA28-7AB2325BC81A}.AppStore|Any CPU.Build.0 = Release|Any CPU
		{6345D471-364A-4F0E-BA28-7AB2325BC81A}.AppStore|ARM.ActiveCfg = Release|Any CPU
		{6345D471-364A-4F0E-BA28-7AB2325BC81A}.AppStore|iPhone.ActiveCfg = Release|Any CPU
		{6345D471-364A-4F0E-BA28-7AB2325BC81A}.AppStore|iPhoneSimulator.ActiveCfg = Release|Any CPU
		{6345D471-364A-4F0E-BA28-7AB2325BC81A}.AppStore|Mixed Platforms.ActiveCfg = Release|Any CPU
		{6345D471-364A-4F0E-BA28-7AB2325BC81A}.AppStore|Mixed Platforms.Build.0 = Release|Any CPU
		{6345D471-364A-4F0E-BA28-7AB2325BC81A}.AppStore|x64.ActiveCfg = Release|Any CPU
		{6345D471-364A-4F0E-BA28-7AB2325BC81A}.AppStore|x86.ActiveCfg = Release|Any CPU
		{6345D471-364A-4F0E-BA28-7AB2325BC81A}.Debug|Any CPU.ActiveCfg = Debug|Any CPU
		{6345D471-364A-4F0E-BA28-7AB2325BC81A}.Debug|Any CPU.Build.0 = Debug|Any CPU
		{6345D471-364A-4F0E-BA28-7AB2325BC81A}.Debug|ARM.ActiveCfg = Debug|Any CPU
		{6345D471-364A-4F0E-BA28-7AB2325BC81A}.Debug|iPhone.ActiveCfg = Debug|Any CPU
		{6345D471-364A-4F0E-BA28-7AB2325BC81A}.Debug|iPhoneSimulator.ActiveCfg = Debug|Any CPU
		{6345D471-364A-4F0E-BA28-7AB2325BC81A}.Debug|Mixed Platforms.ActiveCfg = Debug|Any CPU
		{6345D471-364A-4F0E-BA28-7AB2325BC81A}.Debug|Mixed Platforms.Build.0 = Debug|Any CPU
		{6345D471-364A-4F0E-BA28-7AB2325BC81A}.Debug|x64.ActiveCfg = Debug|Any CPU
		{6345D471-364A-4F0E-BA28-7AB2325BC81A}.Debug|x86.ActiveCfg = Debug|Any CPU
		{6345D471-364A-4F0E-BA28-7AB2325BC81A}.Release|Any CPU.ActiveCfg = Release|Any CPU
		{6345D471-364A-4F0E-BA28-7AB2325BC81A}.Release|Any CPU.Build.0 = Release|Any CPU
		{6345D471-364A-4F0E-BA28-7AB2325BC81A}.Release|ARM.ActiveCfg = Release|Any CPU
		{6345D471-364A-4F0E-BA28-7AB2325BC81A}.Release|iPhone.ActiveCfg = Release|Any CPU
		{6345D471-364A-4F0E-BA28-7AB2325BC81A}.Release|iPhoneSimulator.ActiveCfg = Release|Any CPU
		{6345D471-364A-4F0E-BA28-7AB2325BC81A}.Release|Mixed Platforms.ActiveCfg = Release|Any CPU
		{6345D471-364A-4F0E-BA28-7AB2325BC81A}.Release|Mixed Platforms.Build.0 = Release|Any CPU
		{6345D471-364A-4F0E-BA28-7AB2325BC81A}.Release|x64.ActiveCfg = Release|Any CPU
		{6345D471-364A-4F0E-BA28-7AB2325BC81A}.Release|x86.ActiveCfg = Release|Any CPU
		{773F7839-5F5B-4F19-B8A6-AD155983C95F}.Ad-Hoc|Any CPU.ActiveCfg = Release|x86
		{773F7839-5F5B-4F19-B8A6-AD155983C95F}.Ad-Hoc|Any CPU.Build.0 = Release|x86
		{773F7839-5F5B-4F19-B8A6-AD155983C95F}.Ad-Hoc|Any CPU.Deploy.0 = Release|x86
		{773F7839-5F5B-4F19-B8A6-AD155983C95F}.Ad-Hoc|ARM.ActiveCfg = Release|ARM
		{773F7839-5F5B-4F19-B8A6-AD155983C95F}.Ad-Hoc|ARM.Build.0 = Release|ARM
		{773F7839-5F5B-4F19-B8A6-AD155983C95F}.Ad-Hoc|ARM.Deploy.0 = Release|ARM
		{773F7839-5F5B-4F19-B8A6-AD155983C95F}.Ad-Hoc|iPhone.ActiveCfg = Release|x86
		{773F7839-5F5B-4F19-B8A6-AD155983C95F}.Ad-Hoc|iPhone.Build.0 = Release|x86
		{773F7839-5F5B-4F19-B8A6-AD155983C95F}.Ad-Hoc|iPhone.Deploy.0 = Release|x86
		{773F7839-5F5B-4F19-B8A6-AD155983C95F}.Ad-Hoc|iPhoneSimulator.ActiveCfg = Release|x86
		{773F7839-5F5B-4F19-B8A6-AD155983C95F}.Ad-Hoc|iPhoneSimulator.Build.0 = Release|x86
		{773F7839-5F5B-4F19-B8A6-AD155983C95F}.Ad-Hoc|iPhoneSimulator.Deploy.0 = Release|x86
		{773F7839-5F5B-4F19-B8A6-AD155983C95F}.Ad-Hoc|Mixed Platforms.ActiveCfg = Release|x86
		{773F7839-5F5B-4F19-B8A6-AD155983C95F}.Ad-Hoc|Mixed Platforms.Build.0 = Release|x86
		{773F7839-5F5B-4F19-B8A6-AD155983C95F}.Ad-Hoc|Mixed Platforms.Deploy.0 = Release|x86
		{773F7839-5F5B-4F19-B8A6-AD155983C95F}.Ad-Hoc|x64.ActiveCfg = Release|x64
		{773F7839-5F5B-4F19-B8A6-AD155983C95F}.Ad-Hoc|x64.Build.0 = Release|x64
		{773F7839-5F5B-4F19-B8A6-AD155983C95F}.Ad-Hoc|x64.Deploy.0 = Release|x64
		{773F7839-5F5B-4F19-B8A6-AD155983C95F}.Ad-Hoc|x86.ActiveCfg = Release|x86
		{773F7839-5F5B-4F19-B8A6-AD155983C95F}.Ad-Hoc|x86.Build.0 = Release|x86
		{773F7839-5F5B-4F19-B8A6-AD155983C95F}.Ad-Hoc|x86.Deploy.0 = Release|x86
		{773F7839-5F5B-4F19-B8A6-AD155983C95F}.AppStore|Any CPU.ActiveCfg = Release|x86
		{773F7839-5F5B-4F19-B8A6-AD155983C95F}.AppStore|Any CPU.Build.0 = Release|x86
		{773F7839-5F5B-4F19-B8A6-AD155983C95F}.AppStore|Any CPU.Deploy.0 = Release|x86
		{773F7839-5F5B-4F19-B8A6-AD155983C95F}.AppStore|ARM.ActiveCfg = Release|ARM
		{773F7839-5F5B-4F19-B8A6-AD155983C95F}.AppStore|ARM.Build.0 = Release|ARM
		{773F7839-5F5B-4F19-B8A6-AD155983C95F}.AppStore|ARM.Deploy.0 = Release|ARM
		{773F7839-5F5B-4F19-B8A6-AD155983C95F}.AppStore|iPhone.ActiveCfg = Release|x86
		{773F7839-5F5B-4F19-B8A6-AD155983C95F}.AppStore|iPhone.Build.0 = Release|x86
		{773F7839-5F5B-4F19-B8A6-AD155983C95F}.AppStore|iPhone.Deploy.0 = Release|x86
		{773F7839-5F5B-4F19-B8A6-AD155983C95F}.AppStore|iPhoneSimulator.ActiveCfg = Release|x86
		{773F7839-5F5B-4F19-B8A6-AD155983C95F}.AppStore|iPhoneSimulator.Build.0 = Release|x86
		{773F7839-5F5B-4F19-B8A6-AD155983C95F}.AppStore|iPhoneSimulator.Deploy.0 = Release|x86
		{773F7839-5F5B-4F19-B8A6-AD155983C95F}.AppStore|Mixed Platforms.ActiveCfg = Release|x86
		{773F7839-5F5B-4F19-B8A6-AD155983C95F}.AppStore|Mixed Platforms.Build.0 = Release|x86
		{773F7839-5F5B-4F19-B8A6-AD155983C95F}.AppStore|Mixed Platforms.Deploy.0 = Release|x86
		{773F7839-5F5B-4F19-B8A6-AD155983C95F}.AppStore|x64.ActiveCfg = Release|x64
		{773F7839-5F5B-4F19-B8A6-AD155983C95F}.AppStore|x64.Build.0 = Release|x64
		{773F7839-5F5B-4F19-B8A6-AD155983C95F}.AppStore|x64.Deploy.0 = Release|x64
		{773F7839-5F5B-4F19-B8A6-AD155983C95F}.AppStore|x86.ActiveCfg = Release|x86
		{773F7839-5F5B-4F19-B8A6-AD155983C95F}.AppStore|x86.Build.0 = Release|x86
		{773F7839-5F5B-4F19-B8A6-AD155983C95F}.AppStore|x86.Deploy.0 = Release|x86
		{773F7839-5F5B-4F19-B8A6-AD155983C95F}.Debug|Any CPU.ActiveCfg = Debug|x86
		{773F7839-5F5B-4F19-B8A6-AD155983C95F}.Debug|Any CPU.Build.0 = Debug|x86
		{773F7839-5F5B-4F19-B8A6-AD155983C95F}.Debug|Any CPU.Deploy.0 = Debug|x86
		{773F7839-5F5B-4F19-B8A6-AD155983C95F}.Debug|ARM.ActiveCfg = Debug|ARM
		{773F7839-5F5B-4F19-B8A6-AD155983C95F}.Debug|ARM.Build.0 = Debug|ARM
		{773F7839-5F5B-4F19-B8A6-AD155983C95F}.Debug|ARM.Deploy.0 = Debug|ARM
		{773F7839-5F5B-4F19-B8A6-AD155983C95F}.Debug|iPhone.ActiveCfg = Debug|x86
		{773F7839-5F5B-4F19-B8A6-AD155983C95F}.Debug|iPhoneSimulator.ActiveCfg = Debug|x86
		{773F7839-5F5B-4F19-B8A6-AD155983C95F}.Debug|Mixed Platforms.ActiveCfg = Debug|x86
		{773F7839-5F5B-4F19-B8A6-AD155983C95F}.Debug|Mixed Platforms.Build.0 = Debug|x86
		{773F7839-5F5B-4F19-B8A6-AD155983C95F}.Debug|Mixed Platforms.Deploy.0 = Debug|x86
		{773F7839-5F5B-4F19-B8A6-AD155983C95F}.Debug|x64.ActiveCfg = Debug|x64
		{773F7839-5F5B-4F19-B8A6-AD155983C95F}.Debug|x64.Build.0 = Debug|x64
		{773F7839-5F5B-4F19-B8A6-AD155983C95F}.Debug|x64.Deploy.0 = Debug|x64
		{773F7839-5F5B-4F19-B8A6-AD155983C95F}.Debug|x86.ActiveCfg = Debug|x86
		{773F7839-5F5B-4F19-B8A6-AD155983C95F}.Debug|x86.Build.0 = Debug|x86
		{773F7839-5F5B-4F19-B8A6-AD155983C95F}.Debug|x86.Deploy.0 = Debug|x86
		{773F7839-5F5B-4F19-B8A6-AD155983C95F}.Release|Any CPU.ActiveCfg = Release|x86
		{773F7839-5F5B-4F19-B8A6-AD155983C95F}.Release|ARM.ActiveCfg = Release|ARM
		{773F7839-5F5B-4F19-B8A6-AD155983C95F}.Release|ARM.Build.0 = Release|ARM
		{773F7839-5F5B-4F19-B8A6-AD155983C95F}.Release|ARM.Deploy.0 = Release|ARM
		{773F7839-5F5B-4F19-B8A6-AD155983C95F}.Release|iPhone.ActiveCfg = Release|x86
		{773F7839-5F5B-4F19-B8A6-AD155983C95F}.Release|iPhoneSimulator.ActiveCfg = Release|x86
		{773F7839-5F5B-4F19-B8A6-AD155983C95F}.Release|Mixed Platforms.ActiveCfg = Release|x86
		{773F7839-5F5B-4F19-B8A6-AD155983C95F}.Release|Mixed Platforms.Build.0 = Release|x86
		{773F7839-5F5B-4F19-B8A6-AD155983C95F}.Release|Mixed Platforms.Deploy.0 = Release|x86
		{773F7839-5F5B-4F19-B8A6-AD155983C95F}.Release|x64.ActiveCfg = Release|x64
		{773F7839-5F5B-4F19-B8A6-AD155983C95F}.Release|x64.Build.0 = Release|x64
		{773F7839-5F5B-4F19-B8A6-AD155983C95F}.Release|x64.Deploy.0 = Release|x64
		{773F7839-5F5B-4F19-B8A6-AD155983C95F}.Release|x86.ActiveCfg = Release|x86
		{773F7839-5F5B-4F19-B8A6-AD155983C95F}.Release|x86.Build.0 = Release|x86
		{773F7839-5F5B-4F19-B8A6-AD155983C95F}.Release|x86.Deploy.0 = Release|x86
	EndGlobalSection
	GlobalSection(SolutionProperties) = preSolution
		HideSolutionNode = FALSE
	EndGlobalSection
	GlobalSection(MonoDevelopProperties) = preSolution
		Policies = $0
		$0.DotNetNamingPolicy = $1
		$1.DirectoryNamespaceAssociation = None
		$1.ResourceNamePolicy = FileFormatDefault
		$0.VersionControlPolicy = $2
		$2.inheritsSet = Mono
	EndGlobalSection
EndGlobal
