// !$*UTF8*$!
{
	archiveVersion = 1;
	classes = {
	};
	objectVersion = 46;
	objects = {

/* Begin PBXBuildFile section */
		1A27606E1AB78E8B006112D1 /* AFLibrary.h in CopyFiles */ = {isa = PBXBuildFile; fileRef = 1A27606D1AB78E8B006112D1 /* AFLibrary.h */; };
		1A2760701AB78E8B006112D1 /* AFLibrary.m in Sources */ = {isa = PBXBuildFile; fileRef = 1A27606F1AB78E8B006112D1 /* AFLibrary.m */; };
		1A2760761AB78E8B006112D1 /* libAFLibrary.a in Frameworks */ = {isa = PBXBuildFile; fileRef = 1A27606A1AB78E8B006112D1 /* libAFLibrary.a */; };
		1A2760981AB78EA6006112D1 /* AFHTTPRequestOperation.m in Sources */ = {isa = PBXBuildFile; fileRef = 1A2760861AB78EA6006112D1 /* AFHTTPRequestOperation.m */; };
		1A2760991AB78EA6006112D1 /* AFHTTPRequestOperation.m in Sources */ = {isa = PBXBuildFile; fileRef = 1A2760861AB78EA6006112D1 /* AFHTTPRequestOperation.m */; };
		1A27609A1AB78EA6006112D1 /* AFHTTPRequestOperationManager.m in Sources */ = {isa = PBXBuildFile; fileRef = 1A2760881AB78EA6006112D1 /* AFHTTPRequestOperationManager.m */; };
		1A27609B1AB78EA6006112D1 /* AFHTTPRequestOperationManager.m in Sources */ = {isa = PBXBuildFile; fileRef = 1A2760881AB78EA6006112D1 /* AFHTTPRequestOperationManager.m */; };
		1A27609C1AB78EA6006112D1 /* AFHTTPSessionManager.m in Sources */ = {isa = PBXBuildFile; fileRef = 1A27608A1AB78EA6006112D1 /* AFHTTPSessionManager.m */; };
		1A27609D1AB78EA6006112D1 /* AFHTTPSessionManager.m in Sources */ = {isa = PBXBuildFile; fileRef = 1A27608A1AB78EA6006112D1 /* AFHTTPSessionManager.m */; };
		1A27609E1AB78EA6006112D1 /* AFNetworkReachabilityManager.m in Sources */ = {isa = PBXBuildFile; fileRef = 1A27608D1AB78EA6006112D1 /* AFNetworkReachabilityManager.m */; };
		1A27609F1AB78EA6006112D1 /* AFNetworkReachabilityManager.m in Sources */ = {isa = PBXBuildFile; fileRef = 1A27608D1AB78EA6006112D1 /* AFNetworkReachabilityManager.m */; };
		1A2760A01AB78EA6006112D1 /* AFSecurityPolicy.m in Sources */ = {isa = PBXBuildFile; fileRef = 1A27608F1AB78EA6006112D1 /* AFSecurityPolicy.m */; };
		1A2760A11AB78EA6006112D1 /* AFSecurityPolicy.m in Sources */ = {isa = PBXBuildFile; fileRef = 1A27608F1AB78EA6006112D1 /* AFSecurityPolicy.m */; };
		1A2760A21AB78EA6006112D1 /* AFURLConnectionOperation.m in Sources */ = {isa = PBXBuildFile; fileRef = 1A2760911AB78EA6006112D1 /* AFURLConnectionOperation.m */; };
		1A2760A31AB78EA6006112D1 /* AFURLConnectionOperation.m in Sources */ = {isa = PBXBuildFile; fileRef = 1A2760911AB78EA6006112D1 /* AFURLConnectionOperation.m */; };
		1A2760A41AB78EA6006112D1 /* AFURLRequestSerialization.m in Sources */ = {isa = PBXBuildFile; fileRef = 1A2760931AB78EA6006112D1 /* AFURLRequestSerialization.m */; };
		1A2760A51AB78EA6006112D1 /* AFURLRequestSerialization.m in Sources */ = {isa = PBXBuildFile; fileRef = 1A2760931AB78EA6006112D1 /* AFURLRequestSerialization.m */; };
		1A2760A61AB78EA6006112D1 /* AFURLResponseSerialization.m in Sources */ = {isa = PBXBuildFile; fileRef = 1A2760951AB78EA6006112D1 /* AFURLResponseSerialization.m */; };
		1A2760A71AB78EA6006112D1 /* AFURLResponseSerialization.m in Sources */ = {isa = PBXBuildFile; fileRef = 1A2760951AB78EA6006112D1 /* AFURLResponseSerialization.m */; };
		1A2760A81AB78EA6006112D1 /* AFURLSessionManager.m in Sources */ = {isa = PBXBuildFile; fileRef = 1A2760971AB78EA6006112D1 /* AFURLSessionManager.m */; };
		1A2760A91AB78EA6006112D1 /* AFURLSessionManager.m in Sources */ = {isa = PBXBuildFile; fileRef = 1A2760971AB78EA6006112D1 /* AFURLSessionManager.m */; };
		1A2760AC1AB79EB9006112D1 /* AFResponse.m in Sources */ = {isa = PBXBuildFile; fileRef = 1A2760AB1AB79EB9006112D1 /* AFResponse.m */; };
		1A2760AD1AB79EB9006112D1 /* AFResponse.m in Sources */ = {isa = PBXBuildFile; fileRef = 1A2760AB1AB79EB9006112D1 /* AFResponse.m */; };
		1A2760B11ABB375F006112D1 /* AFProgressListener.m in Sources */ = {isa = PBXBuildFile; fileRef = 1A2760B01ABB375F006112D1 /* AFProgressListener.m */; };
/* End PBXBuildFile section */

/* Begin PBXContainerItemProxy section */
		1A2760771AB78E8B006112D1 /* PBXContainerItemProxy */ = {
			isa = PBXContainerItemProxy;
			containerPortal = 1A2760621AB78E8B006112D1 /* Project object */;
			proxyType = 1;
			remoteGlobalIDString = 1A2760691AB78E8B006112D1;
			remoteInfo = AFLibrary;
		};
/* End PBXContainerItemProxy section */

/* Begin PBXCopyFilesBuildPhase section */
		1A2760681AB78E8B006112D1 /* CopyFiles */ = {
			isa = PBXCopyFilesBuildPhase;
			buildActionMask = 2147483647;
			dstPath = "include/$(PRODUCT_NAME)";
			dstSubfolderSpec = 16;
			files = (
				1A27606E1AB78E8B006112D1 /* AFLibrary.h in CopyFiles */,
			);
			runOnlyForDeploymentPostprocessing = 0;
		};
/* End PBXCopyFilesBuildPhase section */

/* Begin PBXFileReference section */
		1A27606A1AB78E8B006112D1 /* libAFLibrary.a */ = {isa = PBXFileReference; explicitFileType = archive.ar; includeInIndex = 0; path = libAFLibrary.a; sourceTree = BUILT_PRODUCTS_DIR; };
		1A27606D1AB78E8B006112D1 /* AFLibrary.h */ = {isa = PBXFileReference; lastKnownFileType = sourcecode.c.h; path = AFLibrary.h; sourceTree = "<group>"; };
		1A27606F1AB78E8B006112D1 /* AFLibrary.m */ = {isa = PBXFileReference; lastKnownFileType = sourcecode.c.objc; path = AFLibrary.m; sourceTree = "<group>"; };
		1A2760751AB78E8B006112D1 /* AFLibraryTests.xctest */ = {isa = PBXFileReference; explicitFileType = wrapper.cfbundle; includeInIndex = 0; path = AFLibraryTests.xctest; sourceTree = BUILT_PRODUCTS_DIR; };
		1A27607B1AB78E8B006112D1 /* Info.plist */ = {isa = PBXFileReference; lastKnownFileType = text.plist.xml; path = Info.plist; sourceTree = "<group>"; };
		1A2760851AB78EA6006112D1 /* AFHTTPRequestOperation.h */ = {isa = PBXFileReference; fileEncoding = 4; lastKnownFileType = sourcecode.c.h; path = AFHTTPRequestOperation.h; sourceTree = "<group>"; };
		1A2760861AB78EA6006112D1 /* AFHTTPRequestOperation.m */ = {isa = PBXFileReference; fileEncoding = 4; lastKnownFileType = sourcecode.c.objc; path = AFHTTPRequestOperation.m; sourceTree = "<group>"; };
		1A2760871AB78EA6006112D1 /* AFHTTPRequestOperationManager.h */ = {isa = PBXFileReference; fileEncoding = 4; lastKnownFileType = sourcecode.c.h; path = AFHTTPRequestOperationManager.h; sourceTree = "<group>"; };
		1A2760881AB78EA6006112D1 /* AFHTTPRequestOperationManager.m */ = {isa = PBXFileReference; fileEncoding = 4; lastKnownFileType = sourcecode.c.objc; path = AFHTTPRequestOperationManager.m; sourceTree = "<group>"; };
		1A2760891AB78EA6006112D1 /* AFHTTPSessionManager.h */ = {isa = PBXFileReference; fileEncoding = 4; lastKnownFileType = sourcecode.c.h; path = AFHTTPSessionManager.h; sourceTree = "<group>"; };
		1A27608A1AB78EA6006112D1 /* AFHTTPSessionManager.m */ = {isa = PBXFileReference; fileEncoding = 4; lastKnownFileType = sourcecode.c.objc; path = AFHTTPSessionManager.m; sourceTree = "<group>"; };
		1A27608B1AB78EA6006112D1 /* AFNetworking.h */ = {isa = PBXFileReference; fileEncoding = 4; lastKnownFileType = sourcecode.c.h; path = AFNetworking.h; sourceTree = "<group>"; };
		1A27608C1AB78EA6006112D1 /* AFNetworkReachabilityManager.h */ = {isa = PBXFileReference; fileEncoding = 4; lastKnownFileType = sourcecode.c.h; path = AFNetworkReachabilityManager.h; sourceTree = "<group>"; };
		1A27608D1AB78EA6006112D1 /* AFNetworkReachabilityManager.m */ = {isa = PBXFileReference; fileEncoding = 4; lastKnownFileType = sourcecode.c.objc; path = AFNetworkReachabilityManager.m; sourceTree = "<group>"; };
		1A27608E1AB78EA6006112D1 /* AFSecurityPolicy.h */ = {isa = PBXFileReference; fileEncoding = 4; lastKnownFileType = sourcecode.c.h; path = AFSecurityPolicy.h; sourceTree = "<group>"; };
		1A27608F1AB78EA6006112D1 /* AFSecurityPolicy.m */ = {isa = PBXFileReference; fileEncoding = 4; lastKnownFileType = sourcecode.c.objc; path = AFSecurityPolicy.m; sourceTree = "<group>"; };
		1A2760901AB78EA6006112D1 /* AFURLConnectionOperation.h */ = {isa = PBXFileReference; fileEncoding = 4; lastKnownFileType = sourcecode.c.h; path = AFURLConnectionOperation.h; sourceTree = "<group>"; };
		1A2760911AB78EA6006112D1 /* AFURLConnectionOperation.m */ = {isa = PBXFileReference; fileEncoding = 4; lastKnownFileType = sourcecode.c.objc; path = AFURLConnectionOperation.m; sourceTree = "<group>"; };
		1A2760921AB78EA6006112D1 /* AFURLRequestSerialization.h */ = {isa = PBXFileReference; fileEncoding = 4; lastKnownFileType = sourcecode.c.h; path = AFURLRequestSerialization.h; sourceTree = "<group>"; };
		1A2760931AB78EA6006112D1 /* AFURLRequestSerialization.m */ = {isa = PBXFileReference; fileEncoding = 4; lastKnownFileType = sourcecode.c.objc; path = AFURLRequestSerialization.m; sourceTree = "<group>"; };
		1A2760941AB78EA6006112D1 /* AFURLResponseSerialization.h */ = {isa = PBXFileReference; fileEncoding = 4; lastKnownFileType = sourcecode.c.h; path = AFURLResponseSerialization.h; sourceTree = "<group>"; };
		1A2760951AB78EA6006112D1 /* AFURLResponseSerialization.m */ = {isa = PBXFileReference; fileEncoding = 4; lastKnownFileType = sourcecode.c.objc; path = AFURLResponseSerialization.m; sourceTree = "<group>"; };
		1A2760961AB78EA6006112D1 /* AFURLSessionManager.h */ = {isa = PBXFileReference; fileEncoding = 4; lastKnownFileType = sourcecode.c.h; path = AFURLSessionManager.h; sourceTree = "<group>"; };
		1A2760971AB78EA6006112D1 /* AFURLSessionManager.m */ = {isa = PBXFileReference; fileEncoding = 4; lastKnownFileType = sourcecode.c.objc; path = AFURLSessionManager.m; sourceTree = "<group>"; };
		1A2760AA1AB79EB9006112D1 /* AFResponse.h */ = {isa = PBXFileReference; fileEncoding = 4; lastKnownFileType = sourcecode.c.h; path = AFResponse.h; sourceTree = "<group>"; };
		1A2760AB1AB79EB9006112D1 /* AFResponse.m */ = {isa = PBXFileReference; fileEncoding = 4; lastKnownFileType = sourcecode.c.objc; path = AFResponse.m; sourceTree = "<group>"; };
		1A2760AE1AB7AFB9006112D1 /* AFProtocols.h */ = {isa = PBXFileReference; lastKnownFileType = sourcecode.c.h; path = AFProtocols.h; sourceTree = "<group>"; };
		1A2760AF1ABB375F006112D1 /* AFProgressListener.h */ = {isa = PBXFileReference; fileEncoding = 4; lastKnownFileType = sourcecode.c.h; path = AFProgressListener.h; sourceTree = "<group>"; };
		1A2760B01ABB375F006112D1 /* AFProgressListener.m */ = {isa = PBXFileReference; fileEncoding = 4; lastKnownFileType = sourcecode.c.objc; path = AFProgressListener.m; sourceTree = "<group>"; };
/* End PBXFileReference section */

/* Begin PBXFrameworksBuildPhase section */
		1A2760671AB78E8B006112D1 /* Frameworks */ = {
			isa = PBXFrameworksBuildPhase;
			buildActionMask = 2147483647;
			files = (
			);
			runOnlyForDeploymentPostprocessing = 0;
		};
		1A2760721AB78E8B006112D1 /* Frameworks */ = {
			isa = PBXFrameworksBuildPhase;
			buildActionMask = 2147483647;
			files = (
				1A2760761AB78E8B006112D1 /* libAFLibrary.a in Frameworks */,
			);
			runOnlyForDeploymentPostprocessing = 0;
		};
/* End PBXFrameworksBuildPhase section */

/* Begin PBXGroup section */
		1A2760611AB78E8B006112D1 = {
			isa = PBXGroup;
			children = (
				1A2760841AB78EA6006112D1 /* Library */,
				1A27606C1AB78E8B006112D1 /* AFLibrary */,
				1A2760791AB78E8B006112D1 /* AFLibraryTests */,
				1A27606B1AB78E8B006112D1 /* Products */,
			);
			sourceTree = "<group>";
		};
		1A27606B1AB78E8B006112D1 /* Products */ = {
			isa = PBXGroup;
			children = (
				1A27606A1AB78E8B006112D1 /* libAFLibrary.a */,
				1A2760751AB78E8B006112D1 /* AFLibraryTests.xctest */,
			);
			name = Products;
			sourceTree = "<group>";
		};
		1A27606C1AB78E8B006112D1 /* AFLibrary */ = {
			isa = PBXGroup;
			children = (
				1A27606D1AB78E8B006112D1 /* AFLibrary.h */,
				1A27606F1AB78E8B006112D1 /* AFLibrary.m */,
				1A2760AA1AB79EB9006112D1 /* AFResponse.h */,
				1A2760AB1AB79EB9006112D1 /* AFResponse.m */,
				1A2760AE1AB7AFB9006112D1 /* AFProtocols.h */,
				1A2760AF1ABB375F006112D1 /* AFProgressListener.h */,
				1A2760B01ABB375F006112D1 /* AFProgressListener.m */,
			);
			path = AFLibrary;
			sourceTree = "<group>";
		};
		1A2760791AB78E8B006112D1 /* AFLibraryTests */ = {
			isa = PBXGroup;
			children = (
				1A27607A1AB78E8B006112D1 /* Supporting Files */,
			);
			path = AFLibraryTests;
			sourceTree = "<group>";
		};
		1A27607A1AB78E8B006112D1 /* Supporting Files */ = {
			isa = PBXGroup;
			children = (
				1A27607B1AB78E8B006112D1 /* Info.plist */,
			);
			name = "Supporting Files";
			sourceTree = "<group>";
		};
		1A2760841AB78EA6006112D1 /* Library */ = {
			isa = PBXGroup;
			children = (
				1A2760851AB78EA6006112D1 /* AFHTTPRequestOperation.h */,
				1A2760861AB78EA6006112D1 /* AFHTTPRequestOperation.m */,
				1A2760871AB78EA6006112D1 /* AFHTTPRequestOperationManager.h */,
				1A2760881AB78EA6006112D1 /* AFHTTPRequestOperationManager.m */,
				1A2760891AB78EA6006112D1 /* AFHTTPSessionManager.h */,
				1A27608A1AB78EA6006112D1 /* AFHTTPSessionManager.m */,
				1A27608B1AB78EA6006112D1 /* AFNetworking.h */,
				1A27608C1AB78EA6006112D1 /* AFNetworkReachabilityManager.h */,
				1A27608D1AB78EA6006112D1 /* AFNetworkReachabilityManager.m */,
				1A27608E1AB78EA6006112D1 /* AFSecurityPolicy.h */,
				1A27608F1AB78EA6006112D1 /* AFSecurityPolicy.m */,
				1A2760901AB78EA6006112D1 /* AFURLConnectionOperation.h */,
				1A2760911AB78EA6006112D1 /* AFURLConnectionOperation.m */,
				1A2760921AB78EA6006112D1 /* AFURLRequestSerialization.h */,
				1A2760931AB78EA6006112D1 /* AFURLRequestSerialization.m */,
				1A2760941AB78EA6006112D1 /* AFURLResponseSerialization.h */,
				1A2760951AB78EA6006112D1 /* AFURLResponseSerialization.m */,
				1A2760961AB78EA6006112D1 /* AFURLSessionManager.h */,
				1A2760971AB78EA6006112D1 /* AFURLSessionManager.m */,
			);
			path = Library;
			sourceTree = "<group>";
		};
/* End PBXGroup section */

/* Begin PBXNativeTarget section */
		1A2760691AB78E8B006112D1 /* AFLibrary */ = {
			isa = PBXNativeTarget;
			buildConfigurationList = 1A27607E1AB78E8B006112D1 /* Build configuration list for PBXNativeTarget "AFLibrary" */;
			buildPhases = (
				1A2760661AB78E8B006112D1 /* Sources */,
				1A2760671AB78E8B006112D1 /* Frameworks */,
				1A2760681AB78E8B006112D1 /* CopyFiles */,
			);
			buildRules = (
			);
			dependencies = (
			);
			name = AFLibrary;
			productName = AFLibrary;
			productReference = 1A27606A1AB78E8B006112D1 /* libAFLibrary.a */;
			productType = "com.apple.product-type.library.static";
		};
		1A2760741AB78E8B006112D1 /* AFLibraryTests */ = {
			isa = PBXNativeTarget;
			buildConfigurationList = 1A2760811AB78E8B006112D1 /* Build configuration list for PBXNativeTarget "AFLibraryTests" */;
			buildPhases = (
				1A2760711AB78E8B006112D1 /* Sources */,
				1A2760721AB78E8B006112D1 /* Frameworks */,
				1A2760731AB78E8B006112D1 /* Resources */,
			);
			buildRules = (
			);
			dependencies = (
				1A2760781AB78E8B006112D1 /* PBXTargetDependency */,
			);
			name = AFLibraryTests;
			productName = AFLibraryTests;
			productReference = 1A2760751AB78E8B006112D1 /* AFLibraryTests.xctest */;
			productType = "com.apple.product-type.bundle.unit-test";
		};
/* End PBXNativeTarget section */

/* Begin PBXProject section */
		1A2760621AB78E8B006112D1 /* Project object */ = {
			isa = PBXProject;
			attributes = {
				LastUpgradeCheck = 0620;
				ORGANIZATIONNAME = myrete;
				TargetAttributes = {
					1A2760691AB78E8B006112D1 = {
						CreatedOnToolsVersion = 6.2;
					};
					1A2760741AB78E8B006112D1 = {
						CreatedOnToolsVersion = 6.2;
					};
				};
			};
			buildConfigurationList = 1A2760651AB78E8B006112D1 /* Build configuration list for PBXProject "AFLibrary" */;
			compatibilityVersion = "Xcode 3.2";
			developmentRegion = English;
			hasScannedForEncodings = 0;
			knownRegions = (
				en,
			);
			mainGroup = 1A2760611AB78E8B006112D1;
			productRefGroup = 1A27606B1AB78E8B006112D1 /* Products */;
			projectDirPath = "";
			projectRoot = "";
			targets = (
				1A2760691AB78E8B006112D1 /* AFLibrary */,
				1A2760741AB78E8B006112D1 /* AFLibraryTests */,
			);
		};
/* End PBXProject section */

/* Begin PBXResourcesBuildPhase section */
		1A2760731AB78E8B006112D1 /* Resources */ = {
			isa = PBXResourcesBuildPhase;
			buildActionMask = 2147483647;
			files = (
			);
			runOnlyForDeploymentPostprocessing = 0;
		};
/* End PBXResourcesBuildPhase section */

/* Begin PBXSourcesBuildPhase section */
		1A2760661AB78E8B006112D1 /* Sources */ = {
			isa = PBXSourcesBuildPhase;
			buildActionMask = 2147483647;
			files = (
				1A2760A21AB78EA6006112D1 /* AFURLConnectionOperation.m in Sources */,
				1A2760A61AB78EA6006112D1 /* AFURLResponseSerialization.m in Sources */,
				1A2760981AB78EA6006112D1 /* AFHTTPRequestOperation.m in Sources */,
				1A2760701AB78E8B006112D1 /* AFLibrary.m in Sources */,
				1A27609E1AB78EA6006112D1 /* AFNetworkReachabilityManager.m in Sources */,
				1A2760B11ABB375F006112D1 /* AFProgressListener.m in Sources */,
				1A2760A81AB78EA6006112D1 /* AFURLSessionManager.m in Sources */,
				1A27609A1AB78EA6006112D1 /* AFHTTPRequestOperationManager.m in Sources */,
				1A2760AC1AB79EB9006112D1 /* AFResponse.m in Sources */,
				1A2760A01AB78EA6006112D1 /* AFSecurityPolicy.m in Sources */,
				1A27609C1AB78EA6006112D1 /* AFHTTPSessionManager.m in Sources */,
				1A2760A41AB78EA6006112D1 /* AFURLRequestSerialization.m in Sources */,
			);
			runOnlyForDeploymentPostprocessing = 0;
		};
		1A2760711AB78E8B006112D1 /* Sources */ = {
			isa = PBXSourcesBuildPhase;
			buildActionMask = 2147483647;
			files = (
				1A2760A91AB78EA6006112D1 /* AFURLSessionManager.m in Sources */,
				1A27609D1AB78EA6006112D1 /* AFHTTPSessionManager.m in Sources */,
				1A2760A11AB78EA6006112D1 /* AFSecurityPolicy.m in Sources */,
				1A27609B1AB78EA6006112D1 /* AFHTTPRequestOperationManager.m in Sources */,
				1A27609F1AB78EA6006112D1 /* AFNetworkReachabilityManager.m in Sources */,
				1A2760AD1AB79EB9006112D1 /* AFResponse.m in Sources */,
				1A2760A31AB78EA6006112D1 /* AFURLConnectionOperation.m in Sources */,
				1A2760A51AB78EA6006112D1 /* AFURLRequestSerialization.m in Sources */,
				1A2760A71AB78EA6006112D1 /* AFURLResponseSerialization.m in Sources */,
				1A2760991AB78EA6006112D1 /* AFHTTPRequestOperation.m in Sources */,
			);
			runOnlyForDeploymentPostprocessing = 0;
		};
/* End PBXSourcesBuildPhase section */

/* Begin PBXTargetDependency section */
		1A2760781AB78E8B006112D1 /* PBXTargetDependency */ = {
			isa = PBXTargetDependency;
			target = 1A2760691AB78E8B006112D1 /* AFLibrary */;
			targetProxy = 1A2760771AB78E8B006112D1 /* PBXContainerItemProxy */;
		};
/* End PBXTargetDependency section */

/* Begin XCBuildConfiguration section */
		1A27607C1AB78E8B006112D1 /* Debug */ = {
			isa = XCBuildConfiguration;
			buildSettings = {
				ALWAYS_SEARCH_USER_PATHS = NO;
				CLANG_CXX_LANGUAGE_STANDARD = "gnu++0x";
				CLANG_CXX_LIBRARY = "libc++";
				CLANG_ENABLE_MODULES = YES;
				CLANG_ENABLE_OBJC_ARC = YES;
				CLANG_WARN_BOOL_CONVERSION = YES;
				CLANG_WARN_CONSTANT_CONVERSION = YES;
				CLANG_WARN_DIRECT_OBJC_ISA_USAGE = YES_ERROR;
				CLANG_WARN_EMPTY_BODY = YES;
				CLANG_WARN_ENUM_CONVERSION = YES;
				CLANG_WARN_INT_CONVERSION = YES;
				CLANG_WARN_OBJC_ROOT_CLASS = YES_ERROR;
				CLANG_WARN_UNREACHABLE_CODE = YES;
				CLANG_WARN__DUPLICATE_METHOD_MATCH = YES;
				COPY_PHASE_STRIP = NO;
				ENABLE_STRICT_OBJC_MSGSEND = YES;
				GCC_C_LANGUAGE_STANDARD = gnu99;
				GCC_DYNAMIC_NO_PIC = NO;
				GCC_OPTIMIZATION_LEVEL = 0;
				GCC_PREPROCESSOR_DEFINITIONS = (
					"DEBUG=1",
					"$(inherited)",
				);
				GCC_SYMBOLS_PRIVATE_EXTERN = NO;
				GCC_WARN_64_TO_32_BIT_CONVERSION = YES;
				GCC_WARN_ABOUT_RETURN_TYPE = YES_ERROR;
				GCC_WARN_UNDECLARED_SELECTOR = YES;
				GCC_WARN_UNINITIALIZED_AUTOS = YES_AGGRESSIVE;
				GCC_WARN_UNUSED_FUNCTION = YES;
				GCC_WARN_UNUSED_VARIABLE = YES;
				IPHONEOS_DEPLOYMENT_TARGET = 8.2;
				MTL_ENABLE_DEBUG_INFO = YES;
				ONLY_ACTIVE_ARCH = YES;
				SDKROOT = iphoneos;
			};
			name = Debug;
		};
		1A27607D1AB78E8B006112D1 /* Release */ = {
			isa = XCBuildConfiguration;
			buildSettings = {
				ALWAYS_SEARCH_USER_PATHS = NO;
				CLANG_CXX_LANGUAGE_STANDARD = "gnu++0x";
				CLANG_CXX_LIBRARY = "libc++";
				CLANG_ENABLE_MODULES = YES;
				CLANG_ENABLE_OBJC_ARC = YES;
				CLANG_WARN_BOOL_CONVERSION = YES;
				CLANG_WARN_CONSTANT_CONVERSION = YES;
				CLANG_WARN_DIRECT_OBJC_ISA_USAGE = YES_ERROR;
				CLANG_WARN_EMPTY_BODY = YES;
				CLANG_WARN_ENUM_CONVERSION = YES;
				CLANG_WARN_INT_CONVERSION = YES;
				CLANG_WARN_OBJC_ROOT_CLASS = YES_ERROR;
				CLANG_WARN_UNREACHABLE_CODE = YES;
				CLANG_WARN__DUPLICATE_METHOD_MATCH = YES;
				COPY_PHASE_STRIP = NO;
				ENABLE_NS_ASSERTIONS = NO;
				ENABLE_STRICT_OBJC_MSGSEND = YES;
				GCC_C_LANGUAGE_STANDARD = gnu99;
				GCC_WARN_64_TO_32_BIT_CONVERSION = YES;
				GCC_WARN_ABOUT_RETURN_TYPE = YES_ERROR;
				GCC_WARN_UNDECLARED_SELECTOR = YES;
				GCC_WARN_UNINITIALIZED_AUTOS = YES_AGGRESSIVE;
				GCC_WARN_UNUSED_FUNCTION = YES;
				GCC_WARN_UNUSED_VARIABLE = YES;
				IPHONEOS_DEPLOYMENT_TARGET = 8.2;
				MTL_ENABLE_DEBUG_INFO = NO;
				SDKROOT = iphoneos;
				VALIDATE_PRODUCT = YES;
			};
			name = Release;
		};
		1A27607F1AB78E8B006112D1 /* Debug */ = {
			isa = XCBuildConfiguration;
			buildSettings = {
				OTHER_LDFLAGS = "-ObjC";
				PRODUCT_NAME = "$(TARGET_NAME)";
				SKIP_INSTALL = YES;
			};
			name = Debug;
		};
		1A2760801AB78E8B006112D1 /* Release */ = {
			isa = XCBuildConfiguration;
			buildSettings = {
				OTHER_LDFLAGS = "-ObjC";
				PRODUCT_NAME = "$(TARGET_NAME)";
				SKIP_INSTALL = YES;
			};
			name = Release;
		};
		1A2760821AB78E8B006112D1 /* Debug */ = {
			isa = XCBuildConfiguration;
			buildSettings = {
				FRAMEWORK_SEARCH_PATHS = (
					"$(SDKROOT)/Developer/Library/Frameworks",
					"$(inherited)",
				);
				GCC_PREPROCESSOR_DEFINITIONS = (
					"DEBUG=1",
					"$(inherited)",
				);
				INFOPLIST_FILE = AFLibraryTests/Info.plist;
				LD_RUNPATH_SEARCH_PATHS = "$(inherited) @executable_path/Frameworks @loader_path/Frameworks";
				PRODUCT_NAME = "$(TARGET_NAME)";
			};
			name = Debug;
		};
		1A2760831AB78E8B006112D1 /* Release */ = {
			isa = XCBuildConfiguration;
			buildSettings = {
				FRAMEWORK_SEARCH_PATHS = (
					"$(SDKROOT)/Developer/Library/Frameworks",
					"$(inherited)",
				);
				INFOPLIST_FILE = AFLibraryTests/Info.plist;
				LD_RUNPATH_SEARCH_PATHS = "$(inherited) @executable_path/Frameworks @loader_path/Frameworks";
				PRODUCT_NAME = "$(TARGET_NAME)";
			};
			name = Release;
		};
/* End XCBuildConfiguration section */

/* Begin XCConfigurationList section */
		1A2760651AB78E8B006112D1 /* Build configuration list for PBXProject "AFLibrary" */ = {
			isa = XCConfigurationList;
			buildConfigurations = (
				1A27607C1AB78E8B006112D1 /* Debug */,
				1A27607D1AB78E8B006112D1 /* Release */,
			);
			defaultConfigurationIsVisible = 0;
			defaultConfigurationName = Release;
		};
		1A27607E1AB78E8B006112D1 /* Build configuration list for PBXNativeTarget "AFLibrary" */ = {
			isa = XCConfigurationList;
			buildConfigurations = (
				1A27607F1AB78E8B006112D1 /* Debug */,
				1A2760801AB78E8B006112D1 /* Release */,
			);
			defaultConfigurationIsVisible = 0;
		};
		1A2760811AB78E8B006112D1 /* Build configuration list for PBXNativeTarget "AFLibraryTests" */ = {
			isa = XCConfigurationList;
			buildConfigurations = (
				1A2760821AB78E8B006112D1 /* Debug */,
				1A2760831AB78E8B006112D1 /* Release */,
			);
			defaultConfigurationIsVisible = 0;
		};
/* End XCConfigurationList section */
	};
	rootObject = 1A2760621AB78E8B006112D1 /* Project object */;
}
